// !$*UTF8*$!
{
	archiveVersion = 1;
	classes = {
	};
	objectVersion = 56;
	objects = {

/* Begin PBXBuildFile section */
		DBCF3F4818554C7DB0CE2FAE /* Units.swift in Sources */ = {isa = PBXBuildFile; fileRef = 37B9F621876041468CCFD1F9 /* Units.swift */; };
		19A8A0817D6845D9ABA1498B /* PolicyModel.swift in Sources */ = {isa = PBXBuildFile; fileRef = A57B9B35EFF749AE89933D4A /* PolicyModel.swift */; };
		BEB36BAE181A4BBD85360952 /* HouseholdModel.swift in Sources */ = {isa = PBXBuildFile; fileRef = 261A232235994823ABC21B23 /* HouseholdModel.swift */; };
		5BFD7382DD684B4E8A5FA252 /* TaxModel.swift in Sources */ = {isa = PBXBuildFile; fileRef = E4A0A48BB5E54E8AA53E95A1 /* TaxModel.swift */; };
		DF22D784735847D7BA1C5A63 /* FixedIncomeModel.swift in Sources */ = {isa = PBXBuildFile; fileRef = DC5AA1A8BAF74881A1800F4D /* FixedIncomeModel.swift */; };
		6EBE0F7E370745829D6263C3 /* ExposureModel.swift in Sources */ = {isa = PBXBuildFile; fileRef = 7257B7E2EA7749C7BD2EA903 /* ExposureModel.swift */; };
		2A24DA896D7547FEB8D94241 /* LayerModel.swift in Sources */ = {isa = PBXBuildFile; fileRef = E1C6537F38ED452295BEC4D1 /* LayerModel.swift */; };
		40ACD1898EB84B4F858DF986 /* Seed.swift in Sources */ = {isa = PBXBuildFile; fileRef = A2BA39BADD03490B8B7EF22C /* Seed.swift */; };
		277D72A114324574B7ADECE5 /* IntakeModel.swift in Sources */ = {isa = PBXBuildFile; fileRef = 53C0AF66B9644A13AB2BFDE7 /* IntakeModel.swift */; };
		D212B4E7188B4962A3EB35ED /* PracticeMetadata.swift in Sources */ = {isa = PBXBuildFile; fileRef = 0D8A1CC083CE4362B8E3A966 /* PracticeMetadata.swift */; };
		13F4B9A70F744F04956E08A0 /* Book.swift in Sources */ = {isa = PBXBuildFile; fileRef = 35942C5FE8254081A30B7065 /* Book.swift */; };
		472707B56DE546DEB57C964C /* Engine.swift in Sources */ = {isa = PBXBuildFile; fileRef = A01D664C131E4990BA10E87F /* Engine.swift */; };
		6C4ACD0D6DC1433FBB026791 /* EngineAnalyses.swift in Sources */ = {isa = PBXBuildFile; fileRef = B167CD46FA21490FB24EEA2E /* EngineAnalyses.swift */; };
		327A2125916C4A9EABFB9721 /* AllocationSolver.swift in Sources */ = {isa = PBXBuildFile; fileRef = 80A3C71292EF4B97A1BDFF46 /* AllocationSolver.swift */; };
		87ACE8D252A04F179819BC02 /* RiskScale.swift in Sources */ = {isa = PBXBuildFile; fileRef = 208C104E52B54BCF837DFDD1 /* RiskScale.swift */; };
		0EE67A9E9F0046BC9A3037B1 /* MacroModel.swift in Sources */ = {isa = PBXBuildFile; fileRef = 2740E29922E24C3681028A30 /* MacroModel.swift */; };
		ED0B2F02EE7B47B1B3737AAF /* MacroIndicators.swift in Sources */ = {isa = PBXBuildFile; fileRef = C919910744454CCA9EDD8210 /* MacroIndicators.swift */; };
		6007131A1E9E4D9F8C3C1749 /* TacticalModel.swift in Sources */ = {isa = PBXBuildFile; fileRef = 91C6BA346B854413AE6E366B /* TacticalModel.swift */; };
		8067B397A1354268AA5B9233 /* TacticalTilts.swift in Sources */ = {isa = PBXBuildFile; fileRef = C6B8682AEFE94F55A07FE490 /* TacticalTilts.swift */; };
		54155DCBCD8A484FBB81FC0E /* CapitalMarketModel.swift in Sources */ = {isa = PBXBuildFile; fileRef = 38A9DE492E63420E8BB2D0EF /* CapitalMarketModel.swift */; };
		F89B138173AB4BB28C928F8A /* CapitalMarketRisk.swift in Sources */ = {isa = PBXBuildFile; fileRef = 9BAB4206AEA34E68B9B1177C /* CapitalMarketRisk.swift */; };
		F776EE18A3084204934E388C /* FrontierModel.swift in Sources */ = {isa = PBXBuildFile; fileRef = F7E7161CFD274081B624C687 /* FrontierModel.swift */; };
		04EBCA9B2D684E03ADBF4279 /* ExposureLookthrough.swift in Sources */ = {isa = PBXBuildFile; fileRef = CF922171458D4497ADB27FCC /* ExposureLookthrough.swift */; };
		16C1D156C2814E9A85A4703E /* FactorLookthrough.swift in Sources */ = {isa = PBXBuildFile; fileRef = DCC1C0754DA345D693F87FB3 /* FactorLookthrough.swift */; };
		6ACA2E83DAFA416CA04D5691 /* RebalanceModel.swift in Sources */ = {isa = PBXBuildFile; fileRef = 6E4A6327C7574AEC87467997 /* RebalanceModel.swift */; };
		2C6BD7681AB145DBABEF781F /* ShortfallModel.swift in Sources */ = {isa = PBXBuildFile; fileRef = A2F1D7978C904523B3579A09 /* ShortfallModel.swift */; };
		D72105DFBB734D5A8B1957E5 /* WealthGlideModel.swift in Sources */ = {isa = PBXBuildFile; fileRef = 081B9CA3F01A4964A5B589C3 /* WealthGlideModel.swift */; };
		D344DC8ED49B477EB225A150 /* TaxLotModel.swift in Sources */ = {isa = PBXBuildFile; fileRef = 66A932E837D4449BAAB50352 /* TaxLotModel.swift */; };
		1A988FB9A3A148DF9EB659B9 /* OwnershipModel.swift in Sources */ = {isa = PBXBuildFile; fileRef = 14289A22C8874A2882E12858 /* OwnershipModel.swift */; };
		2625CFC4B54D41299E9985B5 /* EquityCompModel.swift in Sources */ = {isa = PBXBuildFile; fileRef = 8B882E59ECF845F6B0548E8E /* EquityCompModel.swift */; };
		85C323A83DE949ABA90DD318 /* Decumulation.swift in Sources */ = {isa = PBXBuildFile; fileRef = C4F925EDF3634C209A3A1863 /* Decumulation.swift */; };
		6EAE3FF1DE874BFB94FC01CD /* Resilience.swift in Sources */ = {isa = PBXBuildFile; fileRef = 106422C5533E4B8BB2EDE472 /* Resilience.swift */; };
		9E4C1996C13B4CF890206F2B /* Planning.swift in Sources */ = {isa = PBXBuildFile; fileRef = 094A50F08807495DBF9AB474 /* Planning.swift */; };
		5DA98FEE86DA430492AE60B5 /* Theme.swift in Sources */ = {isa = PBXBuildFile; fileRef = C14AE6060B6241EF8B5054AA /* Theme.swift */; };
		5D47641BAB424AF4AE1BFBE7 /* Components.swift in Sources */ = {isa = PBXBuildFile; fileRef = 4B234BEFBFD44DB2B83F558A /* Components.swift */; };
		892AA6FF8A9C48B5A03FBFF2 /* Teach.swift in Sources */ = {isa = PBXBuildFile; fileRef = B68CC099822746F79226764E /* Teach.swift */; };
		26F780B4B5C54B96849831E3 /* IntakeView.swift in Sources */ = {isa = PBXBuildFile; fileRef = 043F2A8DCF2C45B2AE73949E /* IntakeView.swift */; };
		3C814AF9614145469FD259A4 /* RosterView.swift in Sources */ = {isa = PBXBuildFile; fileRef = A74B3F518D724F60ADFDC5BD /* RosterView.swift */; };
		5DFFB421D7D146C7A9EA476C /* DeskView.swift in Sources */ = {isa = PBXBuildFile; fileRef = E1144EC25CFC4EAD81CA49A1 /* DeskView.swift */; };
		F1F87927A1BD49AABCA0869B /* EconView.swift in Sources */ = {isa = PBXBuildFile; fileRef = 7A9A898358474E549773F324 /* EconView.swift */; };
		EB3F1EC8A6B74AC7A4200A6A /* BalanceSheetTab.swift in Sources */ = {isa = PBXBuildFile; fileRef = 15F387947C4942D08EE97AF9 /* BalanceSheetTab.swift */; };
		CB7C937FC69C47CCA5066EE0 /* RequiredReturnTab.swift in Sources */ = {isa = PBXBuildFile; fileRef = D6B90D32847443E0BCD6F439 /* RequiredReturnTab.swift */; };
		EC340C111E8B4631AAC340BB /* HouseholdOverrides.swift in Sources */ = {isa = PBXBuildFile; fileRef = 55148B4EEDEC4385B6F48A4D /* HouseholdOverrides.swift */; };
		7EAF8C3F2970411898661CB4 /* IPSReview.swift in Sources */ = {isa = PBXBuildFile; fileRef = 4D111395FD194723A1E2506F /* IPSReview.swift */; };
		C2C838A1419F4888861CA686 /* PolicyStatementTab.swift in Sources */ = {isa = PBXBuildFile; fileRef = 8F6926E66EBD40BBB7EAF335 /* PolicyStatementTab.swift */; };
		D824A1E4B8DC4B38BEA92F6C /* PlanSummaryTab.swift in Sources */ = {isa = PBXBuildFile; fileRef = DE26A600D64A42139A64CE1C /* PlanSummaryTab.swift */; };
		C1467D3E5DA54B559193DC81 /* PlanSummaryPDF.swift in Sources */ = {isa = PBXBuildFile; fileRef = 2F1AA961F55146849D3CC4C7 /* PlanSummaryPDF.swift */; };
		DB0E45721BC34B8BBBC4B19A /* ResilienceTab.swift in Sources */ = {isa = PBXBuildFile; fileRef = 1E1479CDB47245F3A79869F2 /* ResilienceTab.swift */; };
		D4934E8CC3AB4ED28FD2E5D3 /* AllocationTab.swift in Sources */ = {isa = PBXBuildFile; fileRef = C93053D61B22405F902204CA /* AllocationTab.swift */; };
		8DC112637765402F8634688F /* RiskScaleTab.swift in Sources */ = {isa = PBXBuildFile; fileRef = D74F97B7FEBF4B8D82C767D7 /* RiskScaleTab.swift */; };
		4F5C0463C7BB4463BDEC5CC7 /* MacroTab.swift in Sources */ = {isa = PBXBuildFile; fileRef = 89774342847E41F7A2EFA7AA /* MacroTab.swift */; };
		CD5DCB0C8B3F4DE48EF2B7C1 /* SentimentTab.swift in Sources */ = {isa = PBXBuildFile; fileRef = 2FE5510AC3A249289EEED84F /* SentimentTab.swift */; };
		2EBB83DD17DF4A60A5B294AD /* CapitalMarketTab.swift in Sources */ = {isa = PBXBuildFile; fileRef = 3C98834D69D04443A8B662DE /* CapitalMarketTab.swift */; };
		5BF2F9416FA9445F99D43E06 /* FrontierTab.swift in Sources */ = {isa = PBXBuildFile; fileRef = AC7985BFCD934447AFBBBBE6 /* FrontierTab.swift */; };
		D034E67A517E4DEE990FBE29 /* ExposureTab.swift in Sources */ = {isa = PBXBuildFile; fileRef = 010BAD98E36C43AA9BDB24C8 /* ExposureTab.swift */; };
		91CA69035DEE42C1BFB7118F /* RebalanceTab.swift in Sources */ = {isa = PBXBuildFile; fileRef = ECF70420E3FA4FD5B5312809 /* RebalanceTab.swift */; };
		FE2DA0C7D62C447E9478DBF6 /* PlanningTab.swift in Sources */ = {isa = PBXBuildFile; fileRef = 87F7E0B74CBA458584FFA3B6 /* PlanningTab.swift */; };
		02D0C59378C148999630DC28 /* ConstraintsTab.swift in Sources */ = {isa = PBXBuildFile; fileRef = 9679CCCCC5A04309A57D1E74 /* ConstraintsTab.swift */; };
		6C57A115A94842779672CE81 /* TaxTab.swift in Sources */ = {isa = PBXBuildFile; fileRef = F2B8575B93A14BBCA0D93C66 /* TaxTab.swift */; };
		8E87F624F4614592BB8ADC8C /* DecumulationTab.swift in Sources */ = {isa = PBXBuildFile; fileRef = A939A98D29634BDA8AF5B0D8 /* DecumulationTab.swift */; };
		90027341CFA04D63B452E260 /* DispositionTab.swift in Sources */ = {isa = PBXBuildFile; fileRef = 3CCC7E18DC4A4B91BEC4663C /* DispositionTab.swift */; };
		22F1F13B4DA845FB85CB60C7 /* TiltsTab.swift in Sources */ = {isa = PBXBuildFile; fileRef = D067C537BD8E4949BB1DA84A /* TiltsTab.swift */; };
		5C664ABFD931493DACAE964C /* LearnTab.swift in Sources */ = {isa = PBXBuildFile; fileRef = E79CBA64423E411AB706FF9B /* LearnTab.swift */; };
		2191A6D2D0914BD38AF038BD /* WealthPolicyDesk.h in Headers */ = {isa = PBXBuildFile; fileRef = 1154092FFFDD450D9D899D8C /* WealthPolicyDesk.h */; settings = {ATTRIBUTES = (Public, ); }; };
		1AB3CAD88437442D9E4E78AE /* WealthPolicyDeskApp.swift in Sources */ = {isa = PBXBuildFile; fileRef = FE0A2B88D1D549428190FB6B /* WealthPolicyDeskApp.swift */; };
		89C2CD7D3EA4455F82F6CAEF /* WealthPolicyDesk.framework in Frameworks */ = {isa = PBXBuildFile; fileRef = CEE49CFC981143A6B05BEE83 /* WealthPolicyDesk.framework */; };
		0D662D2E294041E592745C0B /* WealthPolicyDesk.framework in Embed Frameworks */ = {isa = PBXBuildFile; fileRef = CEE49CFC981143A6B05BEE83 /* WealthPolicyDesk.framework */; settings = {ATTRIBUTES = (CodeSignOnCopy, RemoveHeadersOnCopy, ); }; };
		BF6BF0250E3741299E5962F0 /* Assets.xcassets in Resources */ = {isa = PBXBuildFile; fileRef = F06938A9FDC540ABBC07695E /* Assets.xcassets */; };
/* End PBXBuildFile section */

/* Begin PBXContainerItemProxy section */
		24DF4A7499F441758816BC12 /* PBXContainerItemProxy */ = {
			isa = PBXContainerItemProxy;
			containerPortal = 2282BCC67E6A442392987B26 /* Project object */;
			proxyType = 1;
			remoteGlobalIDString = 1FC9E4ACED2B4D2483551895;
			remoteInfo = WealthPolicyDesk;
		};
/* End PBXContainerItemProxy section */

/* Begin PBXCopyFilesBuildPhase section */
		3DA5B26373364E0296FEE1CD /* Embed Frameworks */ = {
			isa = PBXCopyFilesBuildPhase;
			buildActionMask = 2147483647;
			dstPath = "";
			dstSubfolderSpec = 10;
			files = (
				0D662D2E294041E592745C0B /* WealthPolicyDesk.framework in Embed Frameworks */,
			);
			name = "Embed Frameworks";
			runOnlyForDeploymentPostprocessing = 0;
		};
/* End PBXCopyFilesBuildPhase section */

/* Begin PBXFileReference section */
		37B9F621876041468CCFD1F9 /* Units.swift */ = {isa = PBXFileReference; lastKnownFileType = sourcecode.swift; path = Units.swift; sourceTree = "<group>"; };
		A57B9B35EFF749AE89933D4A /* PolicyModel.swift */ = {isa = PBXFileReference; lastKnownFileType = sourcecode.swift; path = PolicyModel.swift; sourceTree = "<group>"; };
		261A232235994823ABC21B23 /* HouseholdModel.swift */ = {isa = PBXFileReference; lastKnownFileType = sourcecode.swift; path = HouseholdModel.swift; sourceTree = "<group>"; };
		E4A0A48BB5E54E8AA53E95A1 /* TaxModel.swift */ = {isa = PBXFileReference; lastKnownFileType = sourcecode.swift; path = TaxModel.swift; sourceTree = "<group>"; };
		DC5AA1A8BAF74881A1800F4D /* FixedIncomeModel.swift */ = {isa = PBXFileReference; lastKnownFileType = sourcecode.swift; path = FixedIncomeModel.swift; sourceTree = "<group>"; };
		7257B7E2EA7749C7BD2EA903 /* ExposureModel.swift */ = {isa = PBXFileReference; lastKnownFileType = sourcecode.swift; path = ExposureModel.swift; sourceTree = "<group>"; };
		E1C6537F38ED452295BEC4D1 /* LayerModel.swift */ = {isa = PBXFileReference; lastKnownFileType = sourcecode.swift; path = LayerModel.swift; sourceTree = "<group>"; };
		A2BA39BADD03490B8B7EF22C /* Seed.swift */ = {isa = PBXFileReference; lastKnownFileType = sourcecode.swift; path = Seed.swift; sourceTree = "<group>"; };
		53C0AF66B9644A13AB2BFDE7 /* IntakeModel.swift */ = {isa = PBXFileReference; lastKnownFileType = sourcecode.swift; path = IntakeModel.swift; sourceTree = "<group>"; };
		0D8A1CC083CE4362B8E3A966 /* PracticeMetadata.swift */ = {isa = PBXFileReference; lastKnownFileType = sourcecode.swift; path = PracticeMetadata.swift; sourceTree = "<group>"; };
		35942C5FE8254081A30B7065 /* Book.swift */ = {isa = PBXFileReference; lastKnownFileType = sourcecode.swift; path = Book.swift; sourceTree = "<group>"; };
		A01D664C131E4990BA10E87F /* Engine.swift */ = {isa = PBXFileReference; lastKnownFileType = sourcecode.swift; path = Engine.swift; sourceTree = "<group>"; };
		B167CD46FA21490FB24EEA2E /* EngineAnalyses.swift */ = {isa = PBXFileReference; lastKnownFileType = sourcecode.swift; path = EngineAnalyses.swift; sourceTree = "<group>"; };
		80A3C71292EF4B97A1BDFF46 /* AllocationSolver.swift */ = {isa = PBXFileReference; lastKnownFileType = sourcecode.swift; path = AllocationSolver.swift; sourceTree = "<group>"; };
		208C104E52B54BCF837DFDD1 /* RiskScale.swift */ = {isa = PBXFileReference; lastKnownFileType = sourcecode.swift; path = RiskScale.swift; sourceTree = "<group>"; };
		2740E29922E24C3681028A30 /* MacroModel.swift */ = {isa = PBXFileReference; lastKnownFileType = sourcecode.swift; path = MacroModel.swift; sourceTree = "<group>"; };
		C919910744454CCA9EDD8210 /* MacroIndicators.swift */ = {isa = PBXFileReference; lastKnownFileType = sourcecode.swift; path = MacroIndicators.swift; sourceTree = "<group>"; };
		91C6BA346B854413AE6E366B /* TacticalModel.swift */ = {isa = PBXFileReference; lastKnownFileType = sourcecode.swift; path = TacticalModel.swift; sourceTree = "<group>"; };
		C6B8682AEFE94F55A07FE490 /* TacticalTilts.swift */ = {isa = PBXFileReference; lastKnownFileType = sourcecode.swift; path = TacticalTilts.swift; sourceTree = "<group>"; };
		38A9DE492E63420E8BB2D0EF /* CapitalMarketModel.swift */ = {isa = PBXFileReference; lastKnownFileType = sourcecode.swift; path = CapitalMarketModel.swift; sourceTree = "<group>"; };
		9BAB4206AEA34E68B9B1177C /* CapitalMarketRisk.swift */ = {isa = PBXFileReference; lastKnownFileType = sourcecode.swift; path = CapitalMarketRisk.swift; sourceTree = "<group>"; };
		F7E7161CFD274081B624C687 /* FrontierModel.swift */ = {isa = PBXFileReference; lastKnownFileType = sourcecode.swift; path = FrontierModel.swift; sourceTree = "<group>"; };
		CF922171458D4497ADB27FCC /* ExposureLookthrough.swift */ = {isa = PBXFileReference; lastKnownFileType = sourcecode.swift; path = ExposureLookthrough.swift; sourceTree = "<group>"; };
		DCC1C0754DA345D693F87FB3 /* FactorLookthrough.swift */ = {isa = PBXFileReference; lastKnownFileType = sourcecode.swift; path = FactorLookthrough.swift; sourceTree = "<group>"; };
		6E4A6327C7574AEC87467997 /* RebalanceModel.swift */ = {isa = PBXFileReference; lastKnownFileType = sourcecode.swift; path = RebalanceModel.swift; sourceTree = "<group>"; };
		A2F1D7978C904523B3579A09 /* ShortfallModel.swift */ = {isa = PBXFileReference; lastKnownFileType = sourcecode.swift; path = ShortfallModel.swift; sourceTree = "<group>"; };
		081B9CA3F01A4964A5B589C3 /* WealthGlideModel.swift */ = {isa = PBXFileReference; lastKnownFileType = sourcecode.swift; path = WealthGlideModel.swift; sourceTree = "<group>"; };
		66A932E837D4449BAAB50352 /* TaxLotModel.swift */ = {isa = PBXFileReference; lastKnownFileType = sourcecode.swift; path = TaxLotModel.swift; sourceTree = "<group>"; };
		14289A22C8874A2882E12858 /* OwnershipModel.swift */ = {isa = PBXFileReference; lastKnownFileType = sourcecode.swift; path = OwnershipModel.swift; sourceTree = "<group>"; };
		8B882E59ECF845F6B0548E8E /* EquityCompModel.swift */ = {isa = PBXFileReference; lastKnownFileType = sourcecode.swift; path = EquityCompModel.swift; sourceTree = "<group>"; };
		C4F925EDF3634C209A3A1863 /* Decumulation.swift */ = {isa = PBXFileReference; lastKnownFileType = sourcecode.swift; path = Decumulation.swift; sourceTree = "<group>"; };
		106422C5533E4B8BB2EDE472 /* Resilience.swift */ = {isa = PBXFileReference; lastKnownFileType = sourcecode.swift; path = Resilience.swift; sourceTree = "<group>"; };
		094A50F08807495DBF9AB474 /* Planning.swift */ = {isa = PBXFileReference; lastKnownFileType = sourcecode.swift; path = Planning.swift; sourceTree = "<group>"; };
		C14AE6060B6241EF8B5054AA /* Theme.swift */ = {isa = PBXFileReference; lastKnownFileType = sourcecode.swift; path = Theme.swift; sourceTree = "<group>"; };
		4B234BEFBFD44DB2B83F558A /* Components.swift */ = {isa = PBXFileReference; lastKnownFileType = sourcecode.swift; path = Components.swift; sourceTree = "<group>"; };
		B68CC099822746F79226764E /* Teach.swift */ = {isa = PBXFileReference; lastKnownFileType = sourcecode.swift; path = Teach.swift; sourceTree = "<group>"; };
		043F2A8DCF2C45B2AE73949E /* IntakeView.swift */ = {isa = PBXFileReference; lastKnownFileType = sourcecode.swift; path = IntakeView.swift; sourceTree = "<group>"; };
		A74B3F518D724F60ADFDC5BD /* RosterView.swift */ = {isa = PBXFileReference; lastKnownFileType = sourcecode.swift; path = RosterView.swift; sourceTree = "<group>"; };
		E1144EC25CFC4EAD81CA49A1 /* DeskView.swift */ = {isa = PBXFileReference; lastKnownFileType = sourcecode.swift; path = DeskView.swift; sourceTree = "<group>"; };
		7A9A898358474E549773F324 /* EconView.swift */ = {isa = PBXFileReference; lastKnownFileType = sourcecode.swift; path = EconView.swift; sourceTree = "<group>"; };
		15F387947C4942D08EE97AF9 /* BalanceSheetTab.swift */ = {isa = PBXFileReference; lastKnownFileType = sourcecode.swift; path = BalanceSheetTab.swift; sourceTree = "<group>"; };
		D6B90D32847443E0BCD6F439 /* RequiredReturnTab.swift */ = {isa = PBXFileReference; lastKnownFileType = sourcecode.swift; path = RequiredReturnTab.swift; sourceTree = "<group>"; };
		55148B4EEDEC4385B6F48A4D /* HouseholdOverrides.swift */ = {isa = PBXFileReference; lastKnownFileType = sourcecode.swift; path = HouseholdOverrides.swift; sourceTree = "<group>"; };
		4D111395FD194723A1E2506F /* IPSReview.swift */ = {isa = PBXFileReference; lastKnownFileType = sourcecode.swift; path = IPSReview.swift; sourceTree = "<group>"; };
		8F6926E66EBD40BBB7EAF335 /* PolicyStatementTab.swift */ = {isa = PBXFileReference; lastKnownFileType = sourcecode.swift; path = PolicyStatementTab.swift; sourceTree = "<group>"; };
		DE26A600D64A42139A64CE1C /* PlanSummaryTab.swift */ = {isa = PBXFileReference; lastKnownFileType = sourcecode.swift; path = PlanSummaryTab.swift; sourceTree = "<group>"; };
		2F1AA961F55146849D3CC4C7 /* PlanSummaryPDF.swift */ = {isa = PBXFileReference; lastKnownFileType = sourcecode.swift; path = PlanSummaryPDF.swift; sourceTree = "<group>"; };
		1E1479CDB47245F3A79869F2 /* ResilienceTab.swift */ = {isa = PBXFileReference; lastKnownFileType = sourcecode.swift; path = ResilienceTab.swift; sourceTree = "<group>"; };
		C93053D61B22405F902204CA /* AllocationTab.swift */ = {isa = PBXFileReference; lastKnownFileType = sourcecode.swift; path = AllocationTab.swift; sourceTree = "<group>"; };
		D74F97B7FEBF4B8D82C767D7 /* RiskScaleTab.swift */ = {isa = PBXFileReference; lastKnownFileType = sourcecode.swift; path = RiskScaleTab.swift; sourceTree = "<group>"; };
		89774342847E41F7A2EFA7AA /* MacroTab.swift */ = {isa = PBXFileReference; lastKnownFileType = sourcecode.swift; path = MacroTab.swift; sourceTree = "<group>"; };
		2FE5510AC3A249289EEED84F /* SentimentTab.swift */ = {isa = PBXFileReference; lastKnownFileType = sourcecode.swift; path = SentimentTab.swift; sourceTree = "<group>"; };
		3C98834D69D04443A8B662DE /* CapitalMarketTab.swift */ = {isa = PBXFileReference; lastKnownFileType = sourcecode.swift; path = CapitalMarketTab.swift; sourceTree = "<group>"; };
		AC7985BFCD934447AFBBBBE6 /* FrontierTab.swift */ = {isa = PBXFileReference; lastKnownFileType = sourcecode.swift; path = FrontierTab.swift; sourceTree = "<group>"; };
		010BAD98E36C43AA9BDB24C8 /* ExposureTab.swift */ = {isa = PBXFileReference; lastKnownFileType = sourcecode.swift; path = ExposureTab.swift; sourceTree = "<group>"; };
		ECF70420E3FA4FD5B5312809 /* RebalanceTab.swift */ = {isa = PBXFileReference; lastKnownFileType = sourcecode.swift; path = RebalanceTab.swift; sourceTree = "<group>"; };
		87F7E0B74CBA458584FFA3B6 /* PlanningTab.swift */ = {isa = PBXFileReference; lastKnownFileType = sourcecode.swift; path = PlanningTab.swift; sourceTree = "<group>"; };
		9679CCCCC5A04309A57D1E74 /* ConstraintsTab.swift */ = {isa = PBXFileReference; lastKnownFileType = sourcecode.swift; path = ConstraintsTab.swift; sourceTree = "<group>"; };
		F2B8575B93A14BBCA0D93C66 /* TaxTab.swift */ = {isa = PBXFileReference; lastKnownFileType = sourcecode.swift; path = TaxTab.swift; sourceTree = "<group>"; };
		A939A98D29634BDA8AF5B0D8 /* DecumulationTab.swift */ = {isa = PBXFileReference; lastKnownFileType = sourcecode.swift; path = DecumulationTab.swift; sourceTree = "<group>"; };
		3CCC7E18DC4A4B91BEC4663C /* DispositionTab.swift */ = {isa = PBXFileReference; lastKnownFileType = sourcecode.swift; path = DispositionTab.swift; sourceTree = "<group>"; };
		D067C537BD8E4949BB1DA84A /* TiltsTab.swift */ = {isa = PBXFileReference; lastKnownFileType = sourcecode.swift; path = TiltsTab.swift; sourceTree = "<group>"; };
		E79CBA64423E411AB706FF9B /* LearnTab.swift */ = {isa = PBXFileReference; lastKnownFileType = sourcecode.swift; path = LearnTab.swift; sourceTree = "<group>"; };
		1154092FFFDD450D9D899D8C /* WealthPolicyDesk.h */ = {isa = PBXFileReference; lastKnownFileType = sourcecode.c.h; path = WealthPolicyDesk.h; sourceTree = "<group>"; };
		FE0A2B88D1D549428190FB6B /* WealthPolicyDeskApp.swift */ = {isa = PBXFileReference; lastKnownFileType = sourcecode.swift; path = WealthPolicyDeskApp.swift; sourceTree = "<group>"; };
		E279C2FA00084B228EAD04FF /* Info.plist */ = {isa = PBXFileReference; lastKnownFileType = text.plist.xml; path = Info.plist; sourceTree = "<group>"; };
		F06938A9FDC540ABBC07695E /* Assets.xcassets */ = {isa = PBXFileReference; lastKnownFileType = folder.assetcatalog; path = Assets.xcassets; sourceTree = "<group>"; };
		CEE49CFC981143A6B05BEE83 /* WealthPolicyDesk.framework */ = {isa = PBXFileReference; explicitFileType = wrapper.framework; includeInIndex = 0; path = WealthPolicyDesk.framework; sourceTree = BUILT_PRODUCTS_DIR; };
		296477BCC9494305AF925D2C /* WealthPolicyDeskExample.app */ = {isa = PBXFileReference; explicitFileType = wrapper.application; includeInIndex = 0; path = WealthPolicyDeskExample.app; sourceTree = BUILT_PRODUCTS_DIR; };
/* End PBXFileReference section */

/* Begin PBXFrameworksBuildPhase section */
		885314EBDB4848E28A2F5DA3 /* Frameworks */ = {
			isa = PBXFrameworksBuildPhase;
			buildActionMask = 2147483647;
			files = (
			);
			runOnlyForDeploymentPostprocessing = 0;
		};
		97E8DC72176A428890F8249E /* Frameworks */ = {
			isa = PBXFrameworksBuildPhase;
			buildActionMask = 2147483647;
			files = (
				89C2CD7D3EA4455F82F6CAEF /* WealthPolicyDesk.framework in Frameworks */,
			);
			runOnlyForDeploymentPostprocessing = 0;
		};
/* End PBXFrameworksBuildPhase section */

/* Begin PBXGroup section */
		35EDF4A18D4845259FA307C0 = {
			isa = PBXGroup;
			children = (
				3854E93791F94CE1A40D59ED /* WealthPolicyDesk */,
				4046B5DFC49E4F8FABA7B234 /* Example */,
				9A94123E7B4F488BBA3F9A5B /* Products */,
			);
			sourceTree = "<group>";
		};
		3854E93791F94CE1A40D59ED /* WealthPolicyDesk */ = {
			isa = PBXGroup;
			children = (
				37B9F621876041468CCFD1F9 /* Units.swift */,
				A57B9B35EFF749AE89933D4A /* PolicyModel.swift */,
				261A232235994823ABC21B23 /* HouseholdModel.swift */,
				E4A0A48BB5E54E8AA53E95A1 /* TaxModel.swift */,
				DC5AA1A8BAF74881A1800F4D /* FixedIncomeModel.swift */,
				7257B7E2EA7749C7BD2EA903 /* ExposureModel.swift */,
				E1C6537F38ED452295BEC4D1 /* LayerModel.swift */,
				A2BA39BADD03490B8B7EF22C /* Seed.swift */,
				53C0AF66B9644A13AB2BFDE7 /* IntakeModel.swift */,
				0D8A1CC083CE4362B8E3A966 /* PracticeMetadata.swift */,
				35942C5FE8254081A30B7065 /* Book.swift */,
				A01D664C131E4990BA10E87F /* Engine.swift */,
				B167CD46FA21490FB24EEA2E /* EngineAnalyses.swift */,
				80A3C71292EF4B97A1BDFF46 /* AllocationSolver.swift */,
				208C104E52B54BCF837DFDD1 /* RiskScale.swift */,
				2740E29922E24C3681028A30 /* MacroModel.swift */,
				C919910744454CCA9EDD8210 /* MacroIndicators.swift */,
				91C6BA346B854413AE6E366B /* TacticalModel.swift */,
				C6B8682AEFE94F55A07FE490 /* TacticalTilts.swift */,
				38A9DE492E63420E8BB2D0EF /* CapitalMarketModel.swift */,
				9BAB4206AEA34E68B9B1177C /* CapitalMarketRisk.swift */,
				F7E7161CFD274081B624C687 /* FrontierModel.swift */,
				CF922171458D4497ADB27FCC /* ExposureLookthrough.swift */,
				DCC1C0754DA345D693F87FB3 /* FactorLookthrough.swift */,
				6E4A6327C7574AEC87467997 /* RebalanceModel.swift */,
				A2F1D7978C904523B3579A09 /* ShortfallModel.swift */,
				081B9CA3F01A4964A5B589C3 /* WealthGlideModel.swift */,
				66A932E837D4449BAAB50352 /* TaxLotModel.swift */,
				14289A22C8874A2882E12858 /* OwnershipModel.swift */,
				8B882E59ECF845F6B0548E8E /* EquityCompModel.swift */,
				C4F925EDF3634C209A3A1863 /* Decumulation.swift */,
				106422C5533E4B8BB2EDE472 /* Resilience.swift */,
				094A50F08807495DBF9AB474 /* Planning.swift */,
				C14AE6060B6241EF8B5054AA /* Theme.swift */,
				4B234BEFBFD44DB2B83F558A /* Components.swift */,
				B68CC099822746F79226764E /* Teach.swift */,
				043F2A8DCF2C45B2AE73949E /* IntakeView.swift */,
				A74B3F518D724F60ADFDC5BD /* RosterView.swift */,
				E1144EC25CFC4EAD81CA49A1 /* DeskView.swift */,
				7A9A898358474E549773F324 /* EconView.swift */,
				15F387947C4942D08EE97AF9 /* BalanceSheetTab.swift */,
				D6B90D32847443E0BCD6F439 /* RequiredReturnTab.swift */,
				55148B4EEDEC4385B6F48A4D /* HouseholdOverrides.swift */,
				4D111395FD194723A1E2506F /* IPSReview.swift */,
				8F6926E66EBD40BBB7EAF335 /* PolicyStatementTab.swift */,
				DE26A600D64A42139A64CE1C /* PlanSummaryTab.swift */,
				2F1AA961F55146849D3CC4C7 /* PlanSummaryPDF.swift */,
				1E1479CDB47245F3A79869F2 /* ResilienceTab.swift */,
				C93053D61B22405F902204CA /* AllocationTab.swift */,
				D74F97B7FEBF4B8D82C767D7 /* RiskScaleTab.swift */,
				89774342847E41F7A2EFA7AA /* MacroTab.swift */,
				2FE5510AC3A249289EEED84F /* SentimentTab.swift */,
				3C98834D69D04443A8B662DE /* CapitalMarketTab.swift */,
				AC7985BFCD934447AFBBBBE6 /* FrontierTab.swift */,
				010BAD98E36C43AA9BDB24C8 /* ExposureTab.swift */,
				ECF70420E3FA4FD5B5312809 /* RebalanceTab.swift */,
				87F7E0B74CBA458584FFA3B6 /* PlanningTab.swift */,
				9679CCCCC5A04309A57D1E74 /* ConstraintsTab.swift */,
				F2B8575B93A14BBCA0D93C66 /* TaxTab.swift */,
				A939A98D29634BDA8AF5B0D8 /* DecumulationTab.swift */,
				3CCC7E18DC4A4B91BEC4663C /* DispositionTab.swift */,
				D067C537BD8E4949BB1DA84A /* TiltsTab.swift */,
				E79CBA64423E411AB706FF9B /* LearnTab.swift */,
				1154092FFFDD450D9D899D8C /* WealthPolicyDesk.h */,
			);
			name = WealthPolicyDesk;
			path = Sources/WealthPolicyDesk;
			sourceTree = "<group>";
		};
		4046B5DFC49E4F8FABA7B234 /* Example */ = {
			isa = PBXGroup;
			children = (
				FE0A2B88D1D549428190FB6B /* WealthPolicyDeskApp.swift */,
				F06938A9FDC540ABBC07695E /* Assets.xcassets */,
				E279C2FA00084B228EAD04FF /* Info.plist */,
			);
			path = Example;
			sourceTree = "<group>";
		};
		9A94123E7B4F488BBA3F9A5B /* Products */ = {
			isa = PBXGroup;
			children = (
				CEE49CFC981143A6B05BEE83 /* WealthPolicyDesk.framework */,
				296477BCC9494305AF925D2C /* WealthPolicyDeskExample.app */,
			);
			name = Products;
			sourceTree = "<group>";
		};
/* End PBXGroup section */

/* Begin PBXHeadersBuildPhase section */
		38DD03B55635463EAEF06731 /* Headers */ = {
			isa = PBXHeadersBuildPhase;
			buildActionMask = 2147483647;
			files = (
				2191A6D2D0914BD38AF038BD /* WealthPolicyDesk.h in Headers */,
			);
			runOnlyForDeploymentPostprocessing = 0;
		};
/* End PBXHeadersBuildPhase section */

/* Begin PBXNativeTarget section */
		1FC9E4ACED2B4D2483551895 /* WealthPolicyDesk */ = {
			isa = PBXNativeTarget;
			buildConfigurationList = BAE14E8069A74AF591E18699 /* Build configuration list for PBXNativeTarget "WealthPolicyDesk" */;
			buildPhases = (
				38DD03B55635463EAEF06731 /* Headers */,
				6F128DA648F24E05AAC24561 /* Sources */,
				885314EBDB4848E28A2F5DA3 /* Frameworks */,
				6F93A00E4DD44358AF918092 /* Resources */,
			);
			buildRules = (
			);
			dependencies = (
			);
			name = WealthPolicyDesk;
			productName = WealthPolicyDesk;
			productReference = CEE49CFC981143A6B05BEE83 /* WealthPolicyDesk.framework */;
			productType = "com.apple.product-type.framework";
		};
		CC10FD1857F7425D95036709 /* WealthPolicyDeskExample */ = {
			isa = PBXNativeTarget;
			buildConfigurationList = 2F352189F12D447F9DB4D2C8 /* Build configuration list for PBXNativeTarget "WealthPolicyDeskExample" */;
			buildPhases = (
				A4E45396E65B47F6AEB4E21B /* Sources */,
				97E8DC72176A428890F8249E /* Frameworks */,
				ECB2A406FEE94E00A1985C15 /* Resources */,
				3DA5B26373364E0296FEE1CD /* Embed Frameworks */,
			);
			buildRules = (
			);
			dependencies = (
				BADDFF29F8394FEABAA278BF /* PBXTargetDependency */,
			);
			name = WealthPolicyDeskExample;
			productName = WealthPolicyDeskExample;
			productReference = 296477BCC9494305AF925D2C /* WealthPolicyDeskExample.app */;
			productType = "com.apple.product-type.application";
		};
/* End PBXNativeTarget section */

/* Begin PBXProject section */
		2282BCC67E6A442392987B26 /* Project object */ = {
			isa = PBXProject;
			attributes = {
				BuildIndependentTargetsInParallel = 1;
				LastSwiftUpdateCheck = 2600;
				LastUpgradeCheck = 2600;
				TargetAttributes = {
					1FC9E4ACED2B4D2483551895 = {
						CreatedOnToolsVersion = 26.0;
					};
					CC10FD1857F7425D95036709 = {
						CreatedOnToolsVersion = 26.0;
					};
				};
			};
			buildConfigurationList = DF0CD4F753AC40C5A092A298 /* Build configuration list for PBXProject "WealthPolicyDesk" */;
			compatibilityVersion = "Xcode 14.0";
			developmentRegion = en;
			hasScannedForEncodings = 0;
			knownRegions = (
				en,
				Base,
			);
			mainGroup = 35EDF4A18D4845259FA307C0;
			productRefGroup = 9A94123E7B4F488BBA3F9A5B /* Products */;
			projectDirPath = "";
			projectRoot = "";
			targets = (
				1FC9E4ACED2B4D2483551895 /* WealthPolicyDesk */,
				CC10FD1857F7425D95036709 /* WealthPolicyDeskExample */,
			);
		};
/* End PBXProject section */

/* Begin PBXResourcesBuildPhase section */
		6F93A00E4DD44358AF918092 /* Resources */ = {
			isa = PBXResourcesBuildPhase;
			buildActionMask = 2147483647;
			files = (
			);
			runOnlyForDeploymentPostprocessing = 0;
		};
		ECB2A406FEE94E00A1985C15 /* Resources */ = {
			isa = PBXResourcesBuildPhase;
			buildActionMask = 2147483647;
			files = (
				BF6BF0250E3741299E5962F0 /* Assets.xcassets in Resources */,
			);
			runOnlyForDeploymentPostprocessing = 0;
		};
/* End PBXResourcesBuildPhase section */

/* Begin PBXSourcesBuildPhase section */
		6F128DA648F24E05AAC24561 /* Sources */ = {
			isa = PBXSourcesBuildPhase;
			buildActionMask = 2147483647;
			files = (
				DBCF3F4818554C7DB0CE2FAE /* Units.swift in Sources */,
				19A8A0817D6845D9ABA1498B /* PolicyModel.swift in Sources */,
				BEB36BAE181A4BBD85360952 /* HouseholdModel.swift in Sources */,
				5BFD7382DD684B4E8A5FA252 /* TaxModel.swift in Sources */,
				DF22D784735847D7BA1C5A63 /* FixedIncomeModel.swift in Sources */,
				6EBE0F7E370745829D6263C3 /* ExposureModel.swift in Sources */,
				2A24DA896D7547FEB8D94241 /* LayerModel.swift in Sources */,
				40ACD1898EB84B4F858DF986 /* Seed.swift in Sources */,
				277D72A114324574B7ADECE5 /* IntakeModel.swift in Sources */,
				D212B4E7188B4962A3EB35ED /* PracticeMetadata.swift in Sources */,
				13F4B9A70F744F04956E08A0 /* Book.swift in Sources */,
				472707B56DE546DEB57C964C /* Engine.swift in Sources */,
				6C4ACD0D6DC1433FBB026791 /* EngineAnalyses.swift in Sources */,
				327A2125916C4A9EABFB9721 /* AllocationSolver.swift in Sources */,
				87ACE8D252A04F179819BC02 /* RiskScale.swift in Sources */,
				0EE67A9E9F0046BC9A3037B1 /* MacroModel.swift in Sources */,
				ED0B2F02EE7B47B1B3737AAF /* MacroIndicators.swift in Sources */,
				6007131A1E9E4D9F8C3C1749 /* TacticalModel.swift in Sources */,
				8067B397A1354268AA5B9233 /* TacticalTilts.swift in Sources */,
				54155DCBCD8A484FBB81FC0E /* CapitalMarketModel.swift in Sources */,
				F89B138173AB4BB28C928F8A /* CapitalMarketRisk.swift in Sources */,
				F776EE18A3084204934E388C /* FrontierModel.swift in Sources */,
				04EBCA9B2D684E03ADBF4279 /* ExposureLookthrough.swift in Sources */,
				16C1D156C2814E9A85A4703E /* FactorLookthrough.swift in Sources */,
				6ACA2E83DAFA416CA04D5691 /* RebalanceModel.swift in Sources */,
				2C6BD7681AB145DBABEF781F /* ShortfallModel.swift in Sources */,
				D72105DFBB734D5A8B1957E5 /* WealthGlideModel.swift in Sources */,
				D344DC8ED49B477EB225A150 /* TaxLotModel.swift in Sources */,
				1A988FB9A3A148DF9EB659B9 /* OwnershipModel.swift in Sources */,
				2625CFC4B54D41299E9985B5 /* EquityCompModel.swift in Sources */,
				85C323A83DE949ABA90DD318 /* Decumulation.swift in Sources */,
				6EAE3FF1DE874BFB94FC01CD /* Resilience.swift in Sources */,
				9E4C1996C13B4CF890206F2B /* Planning.swift in Sources */,
				5DA98FEE86DA430492AE60B5 /* Theme.swift in Sources */,
				5D47641BAB424AF4AE1BFBE7 /* Components.swift in Sources */,
				892AA6FF8A9C48B5A03FBFF2 /* Teach.swift in Sources */,
				26F780B4B5C54B96849831E3 /* IntakeView.swift in Sources */,
				3C814AF9614145469FD259A4 /* RosterView.swift in Sources */,
				5DFFB421D7D146C7A9EA476C /* DeskView.swift in Sources */,
				F1F87927A1BD49AABCA0869B /* EconView.swift in Sources */,
				EB3F1EC8A6B74AC7A4200A6A /* BalanceSheetTab.swift in Sources */,
				CB7C937FC69C47CCA5066EE0 /* RequiredReturnTab.swift in Sources */,
				EC340C111E8B4631AAC340BB /* HouseholdOverrides.swift in Sources */,
				7EAF8C3F2970411898661CB4 /* IPSReview.swift in Sources */,
				C2C838A1419F4888861CA686 /* PolicyStatementTab.swift in Sources */,
				D824A1E4B8DC4B38BEA92F6C /* PlanSummaryTab.swift in Sources */,
				C1467D3E5DA54B559193DC81 /* PlanSummaryPDF.swift in Sources */,
				DB0E45721BC34B8BBBC4B19A /* ResilienceTab.swift in Sources */,
				D4934E8CC3AB4ED28FD2E5D3 /* AllocationTab.swift in Sources */,
				8DC112637765402F8634688F /* RiskScaleTab.swift in Sources */,
				4F5C0463C7BB4463BDEC5CC7 /* MacroTab.swift in Sources */,
				CD5DCB0C8B3F4DE48EF2B7C1 /* SentimentTab.swift in Sources */,
				2EBB83DD17DF4A60A5B294AD /* CapitalMarketTab.swift in Sources */,
				5BF2F9416FA9445F99D43E06 /* FrontierTab.swift in Sources */,
				D034E67A517E4DEE990FBE29 /* ExposureTab.swift in Sources */,
				91CA69035DEE42C1BFB7118F /* RebalanceTab.swift in Sources */,
				FE2DA0C7D62C447E9478DBF6 /* PlanningTab.swift in Sources */,
				02D0C59378C148999630DC28 /* ConstraintsTab.swift in Sources */,
				6C57A115A94842779672CE81 /* TaxTab.swift in Sources */,
				8E87F624F4614592BB8ADC8C /* DecumulationTab.swift in Sources */,
				90027341CFA04D63B452E260 /* DispositionTab.swift in Sources */,
				22F1F13B4DA845FB85CB60C7 /* TiltsTab.swift in Sources */,
				5C664ABFD931493DACAE964C /* LearnTab.swift in Sources */,
			);
			runOnlyForDeploymentPostprocessing = 0;
		};
		A4E45396E65B47F6AEB4E21B /* Sources */ = {
			isa = PBXSourcesBuildPhase;
			buildActionMask = 2147483647;
			files = (
				1AB3CAD88437442D9E4E78AE /* WealthPolicyDeskApp.swift in Sources */,
			);
			runOnlyForDeploymentPostprocessing = 0;
		};
/* End PBXSourcesBuildPhase section */

/* Begin PBXTargetDependency section */
		BADDFF29F8394FEABAA278BF /* PBXTargetDependency */ = {
			isa = PBXTargetDependency;
			target = 1FC9E4ACED2B4D2483551895 /* WealthPolicyDesk */;
			targetProxy = 24DF4A7499F441758816BC12 /* PBXContainerItemProxy */;
		};
/* End PBXTargetDependency section */

/* Begin XCBuildConfiguration section */
		C8DE11915A6540E0A784AA7B /* Debug */ = {
			isa = XCBuildConfiguration;
			buildSettings = {
				ALWAYS_SEARCH_USER_PATHS = NO;
				CLANG_ENABLE_MODULES = YES;
				CLANG_ENABLE_OBJC_ARC = YES;
				COPY_PHASE_STRIP = NO;
				DEBUG_INFORMATION_FORMAT = dwarf;
				ENABLE_TESTABILITY = YES;
				GCC_DYNAMIC_NO_PIC = NO;
				GCC_OPTIMIZATION_LEVEL = 0;
				IPHONEOS_DEPLOYMENT_TARGET = 17.0;
				ONLY_ACTIVE_ARCH = YES;
				SDKROOT = iphoneos;
				SWIFT_ACTIVE_COMPILATION_CONDITIONS = "DEBUG $(inherited)";
				SWIFT_OPTIMIZATION_LEVEL = "-Onone";
				SWIFT_VERSION = 5.0;
			};
			name = Debug;
		};
		45379EC4320B4083BF86A026 /* Release */ = {
			isa = XCBuildConfiguration;
			buildSettings = {
				ALWAYS_SEARCH_USER_PATHS = NO;
				CLANG_ENABLE_MODULES = YES;
				CLANG_ENABLE_OBJC_ARC = YES;
				COPY_PHASE_STRIP = NO;
				DEBUG_INFORMATION_FORMAT = "dwarf-with-dsym";
				IPHONEOS_DEPLOYMENT_TARGET = 17.0;
				SDKROOT = iphoneos;
				SWIFT_COMPILATION_MODE = wholemodule;
				SWIFT_VERSION = 5.0;
				VALIDATE_PRODUCT = YES;
			};
			name = Release;
		};
		4CB236107CCB418FA9BB9710 /* Debug */ = {
			isa = XCBuildConfiguration;
			buildSettings = {
				BUILD_LIBRARY_FOR_DISTRIBUTION = NO;
				CURRENT_PROJECT_VERSION = 1;
				DEFINES_MODULE = YES;
				DYLIB_COMPATIBILITY_VERSION = 1;
				DYLIB_CURRENT_VERSION = 1;
				DYLIB_INSTALL_NAME_BASE = "@rpath";
				GENERATE_INFOPLIST_FILE = YES;
				INFOPLIST_KEY_NSHumanReadableCopyright = "";
				INSTALL_PATH = "$(LOCAL_LIBRARY_DIR)/Frameworks";
				IPHONEOS_DEPLOYMENT_TARGET = 17.0;
				LD_RUNPATH_SEARCH_PATHS = (
					"$(inherited)",
					"@executable_path/Frameworks",
					"@loader_path/Frameworks",
				);
				MARKETING_VERSION = 1.0;
				PRODUCT_BUNDLE_IDENTIFIER = com.wealthmanagement.WealthPolicyDesk;
				PRODUCT_MODULE_NAME = WealthPolicyDesk;
				PRODUCT_NAME = "$(TARGET_NAME:c99extidentifier)";
				SKIP_INSTALL = YES;
				SUPPORTED_PLATFORMS = "iphoneos iphonesimulator";
				SUPPORTS_MACCATALYST = NO;
				SWIFT_EMIT_LOC_STRINGS = YES;
				SWIFT_INSTALL_OBJC_HEADER = NO;
				SWIFT_OPTIMIZATION_LEVEL = "-O";
				SWIFT_VERSION = 5.0;
				TARGETED_DEVICE_FAMILY = "2";
				VERSIONING_SYSTEM = "apple-generic";
				VERSION_INFO_PREFIX = "";
			};
			name = Debug;
		};
		D0902B0ED4584412895118B2 /* Release */ = {
			isa = XCBuildConfiguration;
			buildSettings = {
				BUILD_LIBRARY_FOR_DISTRIBUTION = NO;
				CURRENT_PROJECT_VERSION = 1;
				DEFINES_MODULE = YES;
				DYLIB_COMPATIBILITY_VERSION = 1;
				DYLIB_CURRENT_VERSION = 1;
				DYLIB_INSTALL_NAME_BASE = "@rpath";
				GENERATE_INFOPLIST_FILE = YES;
				INFOPLIST_KEY_NSHumanReadableCopyright = "";
				INSTALL_PATH = "$(LOCAL_LIBRARY_DIR)/Frameworks";
				IPHONEOS_DEPLOYMENT_TARGET = 17.0;
				LD_RUNPATH_SEARCH_PATHS = (
					"$(inherited)",
					"@executable_path/Frameworks",
					"@loader_path/Frameworks",
				);
				MARKETING_VERSION = 1.0;
				PRODUCT_BUNDLE_IDENTIFIER = com.wealthmanagement.WealthPolicyDesk;
				PRODUCT_MODULE_NAME = WealthPolicyDesk;
				PRODUCT_NAME = "$(TARGET_NAME:c99extidentifier)";
				SKIP_INSTALL = YES;
				SUPPORTED_PLATFORMS = "iphoneos iphonesimulator";
				SUPPORTS_MACCATALYST = NO;
				SWIFT_EMIT_LOC_STRINGS = YES;
				SWIFT_INSTALL_OBJC_HEADER = NO;
				SWIFT_VERSION = 5.0;
				TARGETED_DEVICE_FAMILY = "2";
				VERSIONING_SYSTEM = "apple-generic";
				VERSION_INFO_PREFIX = "";
			};
			name = Release;
		};
		364EF74EE8CB40378ABDDB4B /* Debug */ = {
			isa = XCBuildConfiguration;
			buildSettings = {
				ASSETCATALOG_COMPILER_APPICON_NAME = AppIcon;
				ASSETCATALOG_COMPILER_GLOBAL_ACCENT_COLOR_NAME = AccentColor;
				CODE_SIGN_STYLE = Automatic;
				CURRENT_PROJECT_VERSION = 1;
				DEVELOPMENT_TEAM = "";
				ENABLE_PREVIEWS = YES;
				GENERATE_INFOPLIST_FILE = YES;
				INFOPLIST_FILE = Example/Info.plist;
				INFOPLIST_KEY_CFBundleDisplayName = "Wealth Policy";
				INFOPLIST_KEY_UIApplicationSceneManifest_Generation = YES;
				INFOPLIST_KEY_UILaunchScreen_Generation = YES;
				INFOPLIST_KEY_UISupportedInterfaceOrientations_iPad = "UIInterfaceOrientationPortrait UIInterfaceOrientationPortraitUpsideDown UIInterfaceOrientationLandscapeLeft UIInterfaceOrientationLandscapeRight";
				INFOPLIST_KEY_UISupportedInterfaceOrientations_iPhone = "UIInterfaceOrientationPortrait UIInterfaceOrientationLandscapeLeft UIInterfaceOrientationLandscapeRight";
				IPHONEOS_DEPLOYMENT_TARGET = 17.0;
				LD_RUNPATH_SEARCH_PATHS = (
					"$(inherited)",
					"@executable_path/Frameworks",
				);
				MARKETING_VERSION = 1.0;
				PRODUCT_BUNDLE_IDENTIFIER = com.wealthmanagement.WealthPolicyDeskExample;
				PRODUCT_NAME = "$(TARGET_NAME)";
				SUPPORTED_PLATFORMS = "iphoneos iphonesimulator";
				SUPPORTS_MACCATALYST = NO;
				SWIFT_EMIT_LOC_STRINGS = YES;
				SWIFT_VERSION = 5.0;
				TARGETED_DEVICE_FAMILY = "2";
			};
			name = Debug;
		};
		E1EE622F24AD493AAB65FD4E /* Release */ = {
			isa = XCBuildConfiguration;
			buildSettings = {
				ASSETCATALOG_COMPILER_APPICON_NAME = AppIcon;
				ASSETCATALOG_COMPILER_GLOBAL_ACCENT_COLOR_NAME = AccentColor;
				CODE_SIGN_STYLE = Automatic;
				CURRENT_PROJECT_VERSION = 1;
				DEVELOPMENT_TEAM = "";
				ENABLE_PREVIEWS = YES;
				GENERATE_INFOPLIST_FILE = YES;
				INFOPLIST_FILE = Example/Info.plist;
				INFOPLIST_KEY_CFBundleDisplayName = "Wealth Policy";
				INFOPLIST_KEY_UIApplicationSceneManifest_Generation = YES;
				INFOPLIST_KEY_UILaunchScreen_Generation = YES;
				INFOPLIST_KEY_UISupportedInterfaceOrientations_iPad = "UIInterfaceOrientationPortrait UIInterfaceOrientationPortraitUpsideDown UIInterfaceOrientationLandscapeLeft UIInterfaceOrientationLandscapeRight";
				INFOPLIST_KEY_UISupportedInterfaceOrientations_iPhone = "UIInterfaceOrientationPortrait UIInterfaceOrientationLandscapeLeft UIInterfaceOrientationLandscapeRight";
				IPHONEOS_DEPLOYMENT_TARGET = 17.0;
				LD_RUNPATH_SEARCH_PATHS = (
					"$(inherited)",
					"@executable_path/Frameworks",
				);
				MARKETING_VERSION = 1.0;
				PRODUCT_BUNDLE_IDENTIFIER = com.wealthmanagement.WealthPolicyDeskExample;
				PRODUCT_NAME = "$(TARGET_NAME)";
				SUPPORTED_PLATFORMS = "iphoneos iphonesimulator";
				SUPPORTS_MACCATALYST = NO;
				SWIFT_EMIT_LOC_STRINGS = YES;
				SWIFT_VERSION = 5.0;
				TARGETED_DEVICE_FAMILY = "2";
			};
			name = Release;
		};
/* End XCBuildConfiguration section */

/* Begin XCConfigurationList section */
		DF0CD4F753AC40C5A092A298 /* Build configuration list for PBXProject "WealthPolicyDesk" */ = {
			isa = XCConfigurationList;
			buildConfigurations = (
				C8DE11915A6540E0A784AA7B /* Debug */,
				45379EC4320B4083BF86A026 /* Release */,
			);
			defaultConfigurationIsVisible = 0;
			defaultConfigurationName = Release;
		};
		BAE14E8069A74AF591E18699 /* Build configuration list for PBXNativeTarget "WealthPolicyDesk" */ = {
			isa = XCConfigurationList;
			buildConfigurations = (
				4CB236107CCB418FA9BB9710 /* Debug */,
				D0902B0ED4584412895118B2 /* Release */,
			);
			defaultConfigurationIsVisible = 0;
			defaultConfigurationName = Release;
		};
		2F352189F12D447F9DB4D2C8 /* Build configuration list for PBXNativeTarget "WealthPolicyDeskExample" */ = {
			isa = XCConfigurationList;
			buildConfigurations = (
				364EF74EE8CB40378ABDDB4B /* Debug */,
				E1EE622F24AD493AAB65FD4E /* Release */,
			);
			defaultConfigurationIsVisible = 0;
			defaultConfigurationName = Release;
		};
/* End XCConfigurationList section */
	};
	rootObject = 2282BCC67E6A442392987B26 /* Project object */;
}
