// !$*UTF8*$!
{
	archiveVersion = 1;
	classes = {
	};
	objectVersion = 56;
	objects = {

/* Begin PBXBuildFile section */
		23C4F2251D7846CB99DE2F1E /* Units.swift in Sources */ = {isa = PBXBuildFile; fileRef = 77435C7D2DA241BDB381960A /* Units.swift */; };
		28C3B35FA47541D79D8B5CE9 /* PolicyModel.swift in Sources */ = {isa = PBXBuildFile; fileRef = A477D55DFB3F4B41A3C555EB /* PolicyModel.swift */; };
		F3AF940AC3D54814A060177F /* HouseholdModel.swift in Sources */ = {isa = PBXBuildFile; fileRef = 28843584CE2C4319AAA7C327 /* HouseholdModel.swift */; };
		BE6C746AC3384B5EA89E0B8F /* TaxModel.swift in Sources */ = {isa = PBXBuildFile; fileRef = E72E3F1EE7D24770AB90372B /* TaxModel.swift */; };
		69301519E5A5439DA98E9CD7 /* FixedIncomeModel.swift in Sources */ = {isa = PBXBuildFile; fileRef = 7E79A1506DB841D086F93E32 /* FixedIncomeModel.swift */; };
		727B4B51995E4348ACD2CB77 /* ExposureModel.swift in Sources */ = {isa = PBXBuildFile; fileRef = 092334B1F927402C8E6C199D /* ExposureModel.swift */; };
		85F32D5014804ED487990D24 /* LayerModel.swift in Sources */ = {isa = PBXBuildFile; fileRef = D74C4FD5568E4A94AD03E235 /* LayerModel.swift */; };
		868CEBD351564425BE2D97C6 /* Seed.swift in Sources */ = {isa = PBXBuildFile; fileRef = FF7AC44BE62D46A1A0925527 /* Seed.swift */; };
		48D144EE7E87406CB62C329F /* IntakeModel.swift in Sources */ = {isa = PBXBuildFile; fileRef = 59FD7C40D26A4D1F8D73AA35 /* IntakeModel.swift */; };
		E587B394EA7B472FA6B4AC5C /* PracticeMetadata.swift in Sources */ = {isa = PBXBuildFile; fileRef = A797F2E4CC7F492CB1546A1C /* PracticeMetadata.swift */; };
		DEE4C764AD024BE0A704E2E5 /* Book.swift in Sources */ = {isa = PBXBuildFile; fileRef = 5C9285AB710841BDB3A92035 /* Book.swift */; };
		90C4A6D495984DE48F435C62 /* Engine.swift in Sources */ = {isa = PBXBuildFile; fileRef = 29E945A61C63484B87AAED04 /* Engine.swift */; };
		8A3A7CA9BCC344F69B2128B5 /* EngineAnalyses.swift in Sources */ = {isa = PBXBuildFile; fileRef = 4CCD54E90A49466FAE8922AA /* EngineAnalyses.swift */; };
		33947BB4FB1946679236101D /* AllocationSolver.swift in Sources */ = {isa = PBXBuildFile; fileRef = 817356FB35A740B190D2C21E /* AllocationSolver.swift */; };
		D51E48A15AAD4E34BAB429E7 /* RiskScale.swift in Sources */ = {isa = PBXBuildFile; fileRef = CEE3F080B6FE47368C6A8A02 /* RiskScale.swift */; };
		1C9D0205824B41FA82555C9A /* MacroModel.swift in Sources */ = {isa = PBXBuildFile; fileRef = DDAABA64CCA14B36A0CE4A9A /* MacroModel.swift */; };
		CD55C842CC9D4033B5442201 /* MacroIndicators.swift in Sources */ = {isa = PBXBuildFile; fileRef = 880F57EC4DE54E2F8DE507E0 /* MacroIndicators.swift */; };
		79BAAFF914DE4E60904FDBC0 /* TacticalModel.swift in Sources */ = {isa = PBXBuildFile; fileRef = 5FACD4B18EB548BFA41F5689 /* TacticalModel.swift */; };
		CDEE54757A134DFC91E0E5D8 /* TacticalTilts.swift in Sources */ = {isa = PBXBuildFile; fileRef = 39F3AFA89DA54A0B9798BDA2 /* TacticalTilts.swift */; };
		D105984D80BA4DBFA117EDD3 /* CapitalMarketModel.swift in Sources */ = {isa = PBXBuildFile; fileRef = DB9C5DFC49BF4D388F70BEBB /* CapitalMarketModel.swift */; };
		BDF76AFF4EA84D099BDE795D /* CapitalMarketRisk.swift in Sources */ = {isa = PBXBuildFile; fileRef = A28BD1D7EFDC4CC78CE3BA36 /* CapitalMarketRisk.swift */; };
		D02D7B84084147FFABF3313E /* FrontierModel.swift in Sources */ = {isa = PBXBuildFile; fileRef = 6F941CA4B151417DA44BDAA5 /* FrontierModel.swift */; };
		3AD1D359308146A0B8CE0012 /* ExposureLookthrough.swift in Sources */ = {isa = PBXBuildFile; fileRef = A88369B05CC64C88B16722D0 /* ExposureLookthrough.swift */; };
		B80473D16DF24E0685EA9761 /* Decumulation.swift in Sources */ = {isa = PBXBuildFile; fileRef = EA48CBA29AB34BF4BD14A454 /* Decumulation.swift */; };
		C08799EBA05845EAB2F4CB38 /* Resilience.swift in Sources */ = {isa = PBXBuildFile; fileRef = FCBDD31E33C24182A738EA64 /* Resilience.swift */; };
		C4943AB004CF45618AF580FE /* Planning.swift in Sources */ = {isa = PBXBuildFile; fileRef = F8E8FABE71A542D2864E6B7B /* Planning.swift */; };
		F118D6E3679F47ADB1F5341C /* Theme.swift in Sources */ = {isa = PBXBuildFile; fileRef = 812EB0D9F7FB427A9BDF7FFF /* Theme.swift */; };
		FBA47B8A830E4584A39F8677 /* Components.swift in Sources */ = {isa = PBXBuildFile; fileRef = 0BD47CD104F94F9F8C0773CB /* Components.swift */; };
		209C96B2543A45A9A47971BD /* Teach.swift in Sources */ = {isa = PBXBuildFile; fileRef = ED762AD599B24FD29523A2B0 /* Teach.swift */; };
		97605BD2E5974952A9004365 /* IntakeView.swift in Sources */ = {isa = PBXBuildFile; fileRef = 2D1AFB78B57E45DFA7E844C8 /* IntakeView.swift */; };
		7959F8D018634E2981E5A6BE /* RosterView.swift in Sources */ = {isa = PBXBuildFile; fileRef = A8E42D46BD9C41E9817B3CA8 /* RosterView.swift */; };
		3FF1FE5AFA394CDDB7B4A961 /* DeskView.swift in Sources */ = {isa = PBXBuildFile; fileRef = FAEEABD7878142B197AE2865 /* DeskView.swift */; };
		D31A3B4487DE425F9D69E23F /* EconView.swift in Sources */ = {isa = PBXBuildFile; fileRef = A916875C59C04E978AC3AE16 /* EconView.swift */; };
		39308D5240114F389C7AEA9D /* BalanceSheetTab.swift in Sources */ = {isa = PBXBuildFile; fileRef = 1539B440743F455885F94278 /* BalanceSheetTab.swift */; };
		EDBBF5C8C16D48AFA12CDB1B /* RequiredReturnTab.swift in Sources */ = {isa = PBXBuildFile; fileRef = 2C9E7C427C19460BB8A005EA /* RequiredReturnTab.swift */; };
		0917B132DC3E440C8F5E5161 /* ResilienceTab.swift in Sources */ = {isa = PBXBuildFile; fileRef = 62762CEFAA7549EFBFA718FB /* ResilienceTab.swift */; };
		943A927362EA4D669F51C54C /* AllocationTab.swift in Sources */ = {isa = PBXBuildFile; fileRef = D35B4F20998A4D0D8A9D5B1E /* AllocationTab.swift */; };
		4E28281FE2FD4BF28A66ECAD /* RiskScaleTab.swift in Sources */ = {isa = PBXBuildFile; fileRef = B3F55D2794DA47E3BB9F50AB /* RiskScaleTab.swift */; };
		5987E7F995D6411E8C1082E0 /* MacroTab.swift in Sources */ = {isa = PBXBuildFile; fileRef = F6E0D67E9F7547A4A403F5EA /* MacroTab.swift */; };
		29F1885D9C73474294537492 /* SentimentTab.swift in Sources */ = {isa = PBXBuildFile; fileRef = C16DC5AF93544A5688626179 /* SentimentTab.swift */; };
		A36456C86E044C70927CEA4A /* CapitalMarketTab.swift in Sources */ = {isa = PBXBuildFile; fileRef = 076453D832DB425C9FE5ADEF /* CapitalMarketTab.swift */; };
		239DB5EEFBF145CE92617FC9 /* FrontierTab.swift in Sources */ = {isa = PBXBuildFile; fileRef = 20DC59A2FF5A4E07A4DD2135 /* FrontierTab.swift */; };
		88B656FE994A46318CF7F819 /* ExposureTab.swift in Sources */ = {isa = PBXBuildFile; fileRef = 4D41D7CC130B4DDDB410484A /* ExposureTab.swift */; };
		649A5A7275E44E7DA3AF8BA5 /* PlanningTab.swift in Sources */ = {isa = PBXBuildFile; fileRef = B3F0BCDCC6C64A54B82BED66 /* PlanningTab.swift */; };
		13B3CB5B2A104586B76E7A85 /* ConstraintsTab.swift in Sources */ = {isa = PBXBuildFile; fileRef = 36E073C8A9434D928E26B3A4 /* ConstraintsTab.swift */; };
		0DC43D7B3AD54E71A4CC90EA /* TaxTab.swift in Sources */ = {isa = PBXBuildFile; fileRef = 2FDCD24D19AB43FC98F4880B /* TaxTab.swift */; };
		8B5A4F428DB94BDE8022D33D /* DecumulationTab.swift in Sources */ = {isa = PBXBuildFile; fileRef = 901DEC711BDD409DB40C99ED /* DecumulationTab.swift */; };
		8A3682CF02044E4DA57FC7FA /* DispositionTab.swift in Sources */ = {isa = PBXBuildFile; fileRef = 4F5E51E2B6464CBA9CF80136 /* DispositionTab.swift */; };
		61993DF0C312466AB5EE9A2E /* TiltsTab.swift in Sources */ = {isa = PBXBuildFile; fileRef = E8448400BD624DAE92E66568 /* TiltsTab.swift */; };
		521812E96DB14950A59A6903 /* LearnTab.swift in Sources */ = {isa = PBXBuildFile; fileRef = FA13EBB840854F45AA6C1DAB /* LearnTab.swift */; };
		743EFD06ED374780860DF6EA /* WealthPolicyDesk.h in Headers */ = {isa = PBXBuildFile; fileRef = A342C39DF1A546509DB9CABE /* WealthPolicyDesk.h */; settings = {ATTRIBUTES = (Public, ); }; };
		AAFB56DDFD4D44D08BDB04FB /* WealthPolicyDeskApp.swift in Sources */ = {isa = PBXBuildFile; fileRef = 38B9ABA93D284EA4A5E80C84 /* WealthPolicyDeskApp.swift */; };
		12BD5F11CCFD4F26A80B9A3F /* WealthPolicyDesk.framework in Frameworks */ = {isa = PBXBuildFile; fileRef = 36ED079D59A6463DB004AAE4 /* WealthPolicyDesk.framework */; };
		0BD3B5D118AA45258CF923ED /* WealthPolicyDesk.framework in Embed Frameworks */ = {isa = PBXBuildFile; fileRef = 36ED079D59A6463DB004AAE4 /* WealthPolicyDesk.framework */; settings = {ATTRIBUTES = (CodeSignOnCopy, RemoveHeadersOnCopy, ); }; };
		A802259C9AC548F89DA5BDF6 /* Assets.xcassets in Resources */ = {isa = PBXBuildFile; fileRef = 574E041F13BB45D3A7C8F3B0 /* Assets.xcassets */; };
/* End PBXBuildFile section */

/* Begin PBXContainerItemProxy section */
		E1FD0A4FF3FB4AC38F79C769 /* PBXContainerItemProxy */ = {
			isa = PBXContainerItemProxy;
			containerPortal = E6401C62B235455A8C669030 /* Project object */;
			proxyType = 1;
			remoteGlobalIDString = BE6D3D17BE01477B83FC3A33;
			remoteInfo = WealthPolicyDesk;
		};
/* End PBXContainerItemProxy section */

/* Begin PBXCopyFilesBuildPhase section */
		1E76EAF2A29546E98B0B4117 /* Embed Frameworks */ = {
			isa = PBXCopyFilesBuildPhase;
			buildActionMask = 2147483647;
			dstPath = "";
			dstSubfolderSpec = 10;
			files = (
				0BD3B5D118AA45258CF923ED /* WealthPolicyDesk.framework in Embed Frameworks */,
			);
			name = "Embed Frameworks";
			runOnlyForDeploymentPostprocessing = 0;
		};
/* End PBXCopyFilesBuildPhase section */

/* Begin PBXFileReference section */
		77435C7D2DA241BDB381960A /* Units.swift */ = {isa = PBXFileReference; lastKnownFileType = sourcecode.swift; path = Units.swift; sourceTree = "<group>"; };
		A477D55DFB3F4B41A3C555EB /* PolicyModel.swift */ = {isa = PBXFileReference; lastKnownFileType = sourcecode.swift; path = PolicyModel.swift; sourceTree = "<group>"; };
		28843584CE2C4319AAA7C327 /* HouseholdModel.swift */ = {isa = PBXFileReference; lastKnownFileType = sourcecode.swift; path = HouseholdModel.swift; sourceTree = "<group>"; };
		E72E3F1EE7D24770AB90372B /* TaxModel.swift */ = {isa = PBXFileReference; lastKnownFileType = sourcecode.swift; path = TaxModel.swift; sourceTree = "<group>"; };
		7E79A1506DB841D086F93E32 /* FixedIncomeModel.swift */ = {isa = PBXFileReference; lastKnownFileType = sourcecode.swift; path = FixedIncomeModel.swift; sourceTree = "<group>"; };
		092334B1F927402C8E6C199D /* ExposureModel.swift */ = {isa = PBXFileReference; lastKnownFileType = sourcecode.swift; path = ExposureModel.swift; sourceTree = "<group>"; };
		D74C4FD5568E4A94AD03E235 /* LayerModel.swift */ = {isa = PBXFileReference; lastKnownFileType = sourcecode.swift; path = LayerModel.swift; sourceTree = "<group>"; };
		FF7AC44BE62D46A1A0925527 /* Seed.swift */ = {isa = PBXFileReference; lastKnownFileType = sourcecode.swift; path = Seed.swift; sourceTree = "<group>"; };
		59FD7C40D26A4D1F8D73AA35 /* IntakeModel.swift */ = {isa = PBXFileReference; lastKnownFileType = sourcecode.swift; path = IntakeModel.swift; sourceTree = "<group>"; };
		A797F2E4CC7F492CB1546A1C /* PracticeMetadata.swift */ = {isa = PBXFileReference; lastKnownFileType = sourcecode.swift; path = PracticeMetadata.swift; sourceTree = "<group>"; };
		5C9285AB710841BDB3A92035 /* Book.swift */ = {isa = PBXFileReference; lastKnownFileType = sourcecode.swift; path = Book.swift; sourceTree = "<group>"; };
		29E945A61C63484B87AAED04 /* Engine.swift */ = {isa = PBXFileReference; lastKnownFileType = sourcecode.swift; path = Engine.swift; sourceTree = "<group>"; };
		4CCD54E90A49466FAE8922AA /* EngineAnalyses.swift */ = {isa = PBXFileReference; lastKnownFileType = sourcecode.swift; path = EngineAnalyses.swift; sourceTree = "<group>"; };
		817356FB35A740B190D2C21E /* AllocationSolver.swift */ = {isa = PBXFileReference; lastKnownFileType = sourcecode.swift; path = AllocationSolver.swift; sourceTree = "<group>"; };
		CEE3F080B6FE47368C6A8A02 /* RiskScale.swift */ = {isa = PBXFileReference; lastKnownFileType = sourcecode.swift; path = RiskScale.swift; sourceTree = "<group>"; };
		DDAABA64CCA14B36A0CE4A9A /* MacroModel.swift */ = {isa = PBXFileReference; lastKnownFileType = sourcecode.swift; path = MacroModel.swift; sourceTree = "<group>"; };
		880F57EC4DE54E2F8DE507E0 /* MacroIndicators.swift */ = {isa = PBXFileReference; lastKnownFileType = sourcecode.swift; path = MacroIndicators.swift; sourceTree = "<group>"; };
		5FACD4B18EB548BFA41F5689 /* TacticalModel.swift */ = {isa = PBXFileReference; lastKnownFileType = sourcecode.swift; path = TacticalModel.swift; sourceTree = "<group>"; };
		39F3AFA89DA54A0B9798BDA2 /* TacticalTilts.swift */ = {isa = PBXFileReference; lastKnownFileType = sourcecode.swift; path = TacticalTilts.swift; sourceTree = "<group>"; };
		DB9C5DFC49BF4D388F70BEBB /* CapitalMarketModel.swift */ = {isa = PBXFileReference; lastKnownFileType = sourcecode.swift; path = CapitalMarketModel.swift; sourceTree = "<group>"; };
		A28BD1D7EFDC4CC78CE3BA36 /* CapitalMarketRisk.swift */ = {isa = PBXFileReference; lastKnownFileType = sourcecode.swift; path = CapitalMarketRisk.swift; sourceTree = "<group>"; };
		6F941CA4B151417DA44BDAA5 /* FrontierModel.swift */ = {isa = PBXFileReference; lastKnownFileType = sourcecode.swift; path = FrontierModel.swift; sourceTree = "<group>"; };
		A88369B05CC64C88B16722D0 /* ExposureLookthrough.swift */ = {isa = PBXFileReference; lastKnownFileType = sourcecode.swift; path = ExposureLookthrough.swift; sourceTree = "<group>"; };
		EA48CBA29AB34BF4BD14A454 /* Decumulation.swift */ = {isa = PBXFileReference; lastKnownFileType = sourcecode.swift; path = Decumulation.swift; sourceTree = "<group>"; };
		FCBDD31E33C24182A738EA64 /* Resilience.swift */ = {isa = PBXFileReference; lastKnownFileType = sourcecode.swift; path = Resilience.swift; sourceTree = "<group>"; };
		F8E8FABE71A542D2864E6B7B /* Planning.swift */ = {isa = PBXFileReference; lastKnownFileType = sourcecode.swift; path = Planning.swift; sourceTree = "<group>"; };
		812EB0D9F7FB427A9BDF7FFF /* Theme.swift */ = {isa = PBXFileReference; lastKnownFileType = sourcecode.swift; path = Theme.swift; sourceTree = "<group>"; };
		0BD47CD104F94F9F8C0773CB /* Components.swift */ = {isa = PBXFileReference; lastKnownFileType = sourcecode.swift; path = Components.swift; sourceTree = "<group>"; };
		ED762AD599B24FD29523A2B0 /* Teach.swift */ = {isa = PBXFileReference; lastKnownFileType = sourcecode.swift; path = Teach.swift; sourceTree = "<group>"; };
		2D1AFB78B57E45DFA7E844C8 /* IntakeView.swift */ = {isa = PBXFileReference; lastKnownFileType = sourcecode.swift; path = IntakeView.swift; sourceTree = "<group>"; };
		A8E42D46BD9C41E9817B3CA8 /* RosterView.swift */ = {isa = PBXFileReference; lastKnownFileType = sourcecode.swift; path = RosterView.swift; sourceTree = "<group>"; };
		FAEEABD7878142B197AE2865 /* DeskView.swift */ = {isa = PBXFileReference; lastKnownFileType = sourcecode.swift; path = DeskView.swift; sourceTree = "<group>"; };
		A916875C59C04E978AC3AE16 /* EconView.swift */ = {isa = PBXFileReference; lastKnownFileType = sourcecode.swift; path = EconView.swift; sourceTree = "<group>"; };
		1539B440743F455885F94278 /* BalanceSheetTab.swift */ = {isa = PBXFileReference; lastKnownFileType = sourcecode.swift; path = BalanceSheetTab.swift; sourceTree = "<group>"; };
		2C9E7C427C19460BB8A005EA /* RequiredReturnTab.swift */ = {isa = PBXFileReference; lastKnownFileType = sourcecode.swift; path = RequiredReturnTab.swift; sourceTree = "<group>"; };
		62762CEFAA7549EFBFA718FB /* ResilienceTab.swift */ = {isa = PBXFileReference; lastKnownFileType = sourcecode.swift; path = ResilienceTab.swift; sourceTree = "<group>"; };
		D35B4F20998A4D0D8A9D5B1E /* AllocationTab.swift */ = {isa = PBXFileReference; lastKnownFileType = sourcecode.swift; path = AllocationTab.swift; sourceTree = "<group>"; };
		B3F55D2794DA47E3BB9F50AB /* RiskScaleTab.swift */ = {isa = PBXFileReference; lastKnownFileType = sourcecode.swift; path = RiskScaleTab.swift; sourceTree = "<group>"; };
		F6E0D67E9F7547A4A403F5EA /* MacroTab.swift */ = {isa = PBXFileReference; lastKnownFileType = sourcecode.swift; path = MacroTab.swift; sourceTree = "<group>"; };
		C16DC5AF93544A5688626179 /* SentimentTab.swift */ = {isa = PBXFileReference; lastKnownFileType = sourcecode.swift; path = SentimentTab.swift; sourceTree = "<group>"; };
		076453D832DB425C9FE5ADEF /* CapitalMarketTab.swift */ = {isa = PBXFileReference; lastKnownFileType = sourcecode.swift; path = CapitalMarketTab.swift; sourceTree = "<group>"; };
		20DC59A2FF5A4E07A4DD2135 /* FrontierTab.swift */ = {isa = PBXFileReference; lastKnownFileType = sourcecode.swift; path = FrontierTab.swift; sourceTree = "<group>"; };
		4D41D7CC130B4DDDB410484A /* ExposureTab.swift */ = {isa = PBXFileReference; lastKnownFileType = sourcecode.swift; path = ExposureTab.swift; sourceTree = "<group>"; };
		B3F0BCDCC6C64A54B82BED66 /* PlanningTab.swift */ = {isa = PBXFileReference; lastKnownFileType = sourcecode.swift; path = PlanningTab.swift; sourceTree = "<group>"; };
		36E073C8A9434D928E26B3A4 /* ConstraintsTab.swift */ = {isa = PBXFileReference; lastKnownFileType = sourcecode.swift; path = ConstraintsTab.swift; sourceTree = "<group>"; };
		2FDCD24D19AB43FC98F4880B /* TaxTab.swift */ = {isa = PBXFileReference; lastKnownFileType = sourcecode.swift; path = TaxTab.swift; sourceTree = "<group>"; };
		901DEC711BDD409DB40C99ED /* DecumulationTab.swift */ = {isa = PBXFileReference; lastKnownFileType = sourcecode.swift; path = DecumulationTab.swift; sourceTree = "<group>"; };
		4F5E51E2B6464CBA9CF80136 /* DispositionTab.swift */ = {isa = PBXFileReference; lastKnownFileType = sourcecode.swift; path = DispositionTab.swift; sourceTree = "<group>"; };
		E8448400BD624DAE92E66568 /* TiltsTab.swift */ = {isa = PBXFileReference; lastKnownFileType = sourcecode.swift; path = TiltsTab.swift; sourceTree = "<group>"; };
		FA13EBB840854F45AA6C1DAB /* LearnTab.swift */ = {isa = PBXFileReference; lastKnownFileType = sourcecode.swift; path = LearnTab.swift; sourceTree = "<group>"; };
		A342C39DF1A546509DB9CABE /* WealthPolicyDesk.h */ = {isa = PBXFileReference; lastKnownFileType = sourcecode.c.h; path = WealthPolicyDesk.h; sourceTree = "<group>"; };
		38B9ABA93D284EA4A5E80C84 /* WealthPolicyDeskApp.swift */ = {isa = PBXFileReference; lastKnownFileType = sourcecode.swift; path = WealthPolicyDeskApp.swift; sourceTree = "<group>"; };
		A04B30475F484E52A8FE0AB7 /* Info.plist */ = {isa = PBXFileReference; lastKnownFileType = text.plist.xml; path = Info.plist; sourceTree = "<group>"; };
		574E041F13BB45D3A7C8F3B0 /* Assets.xcassets */ = {isa = PBXFileReference; lastKnownFileType = folder.assetcatalog; path = Assets.xcassets; sourceTree = "<group>"; };
		36ED079D59A6463DB004AAE4 /* WealthPolicyDesk.framework */ = {isa = PBXFileReference; explicitFileType = wrapper.framework; includeInIndex = 0; path = WealthPolicyDesk.framework; sourceTree = BUILT_PRODUCTS_DIR; };
		C9B546D1E56F4C14ACDD32BD /* WealthPolicyDeskExample.app */ = {isa = PBXFileReference; explicitFileType = wrapper.application; includeInIndex = 0; path = WealthPolicyDeskExample.app; sourceTree = BUILT_PRODUCTS_DIR; };
/* End PBXFileReference section */

/* Begin PBXFrameworksBuildPhase section */
		B78C187F03B5470A97B6E011 /* Frameworks */ = {
			isa = PBXFrameworksBuildPhase;
			buildActionMask = 2147483647;
			files = (
			);
			runOnlyForDeploymentPostprocessing = 0;
		};
		EE81562F3FC745F687B2FFCE /* Frameworks */ = {
			isa = PBXFrameworksBuildPhase;
			buildActionMask = 2147483647;
			files = (
				12BD5F11CCFD4F26A80B9A3F /* WealthPolicyDesk.framework in Frameworks */,
			);
			runOnlyForDeploymentPostprocessing = 0;
		};
/* End PBXFrameworksBuildPhase section */

/* Begin PBXGroup section */
		AC4B4B6E48CF4F1AA3BE1BAD = {
			isa = PBXGroup;
			children = (
				D631485A95DA4958823CA194 /* WealthPolicyDesk */,
				13705B5FA0884E40B1DF0169 /* Example */,
				568BDB1561464E9188610E92 /* Products */,
			);
			sourceTree = "<group>";
		};
		D631485A95DA4958823CA194 /* WealthPolicyDesk */ = {
			isa = PBXGroup;
			children = (
				77435C7D2DA241BDB381960A /* Units.swift */,
				A477D55DFB3F4B41A3C555EB /* PolicyModel.swift */,
				28843584CE2C4319AAA7C327 /* HouseholdModel.swift */,
				E72E3F1EE7D24770AB90372B /* TaxModel.swift */,
				7E79A1506DB841D086F93E32 /* FixedIncomeModel.swift */,
				092334B1F927402C8E6C199D /* ExposureModel.swift */,
				D74C4FD5568E4A94AD03E235 /* LayerModel.swift */,
				FF7AC44BE62D46A1A0925527 /* Seed.swift */,
				59FD7C40D26A4D1F8D73AA35 /* IntakeModel.swift */,
				A797F2E4CC7F492CB1546A1C /* PracticeMetadata.swift */,
				5C9285AB710841BDB3A92035 /* Book.swift */,
				29E945A61C63484B87AAED04 /* Engine.swift */,
				4CCD54E90A49466FAE8922AA /* EngineAnalyses.swift */,
				817356FB35A740B190D2C21E /* AllocationSolver.swift */,
				CEE3F080B6FE47368C6A8A02 /* RiskScale.swift */,
				DDAABA64CCA14B36A0CE4A9A /* MacroModel.swift */,
				880F57EC4DE54E2F8DE507E0 /* MacroIndicators.swift */,
				5FACD4B18EB548BFA41F5689 /* TacticalModel.swift */,
				39F3AFA89DA54A0B9798BDA2 /* TacticalTilts.swift */,
				DB9C5DFC49BF4D388F70BEBB /* CapitalMarketModel.swift */,
				A28BD1D7EFDC4CC78CE3BA36 /* CapitalMarketRisk.swift */,
				6F941CA4B151417DA44BDAA5 /* FrontierModel.swift */,
				A88369B05CC64C88B16722D0 /* ExposureLookthrough.swift */,
				EA48CBA29AB34BF4BD14A454 /* Decumulation.swift */,
				FCBDD31E33C24182A738EA64 /* Resilience.swift */,
				F8E8FABE71A542D2864E6B7B /* Planning.swift */,
				812EB0D9F7FB427A9BDF7FFF /* Theme.swift */,
				0BD47CD104F94F9F8C0773CB /* Components.swift */,
				ED762AD599B24FD29523A2B0 /* Teach.swift */,
				2D1AFB78B57E45DFA7E844C8 /* IntakeView.swift */,
				A8E42D46BD9C41E9817B3CA8 /* RosterView.swift */,
				FAEEABD7878142B197AE2865 /* DeskView.swift */,
				A916875C59C04E978AC3AE16 /* EconView.swift */,
				1539B440743F455885F94278 /* BalanceSheetTab.swift */,
				2C9E7C427C19460BB8A005EA /* RequiredReturnTab.swift */,
				62762CEFAA7549EFBFA718FB /* ResilienceTab.swift */,
				D35B4F20998A4D0D8A9D5B1E /* AllocationTab.swift */,
				B3F55D2794DA47E3BB9F50AB /* RiskScaleTab.swift */,
				F6E0D67E9F7547A4A403F5EA /* MacroTab.swift */,
				C16DC5AF93544A5688626179 /* SentimentTab.swift */,
				076453D832DB425C9FE5ADEF /* CapitalMarketTab.swift */,
				20DC59A2FF5A4E07A4DD2135 /* FrontierTab.swift */,
				4D41D7CC130B4DDDB410484A /* ExposureTab.swift */,
				B3F0BCDCC6C64A54B82BED66 /* PlanningTab.swift */,
				36E073C8A9434D928E26B3A4 /* ConstraintsTab.swift */,
				2FDCD24D19AB43FC98F4880B /* TaxTab.swift */,
				901DEC711BDD409DB40C99ED /* DecumulationTab.swift */,
				4F5E51E2B6464CBA9CF80136 /* DispositionTab.swift */,
				E8448400BD624DAE92E66568 /* TiltsTab.swift */,
				FA13EBB840854F45AA6C1DAB /* LearnTab.swift */,
				A342C39DF1A546509DB9CABE /* WealthPolicyDesk.h */,
			);
			name = WealthPolicyDesk;
			path = Sources/WealthPolicyDesk;
			sourceTree = "<group>";
		};
		13705B5FA0884E40B1DF0169 /* Example */ = {
			isa = PBXGroup;
			children = (
				38B9ABA93D284EA4A5E80C84 /* WealthPolicyDeskApp.swift */,
				574E041F13BB45D3A7C8F3B0 /* Assets.xcassets */,
				A04B30475F484E52A8FE0AB7 /* Info.plist */,
			);
			path = Example;
			sourceTree = "<group>";
		};
		568BDB1561464E9188610E92 /* Products */ = {
			isa = PBXGroup;
			children = (
				36ED079D59A6463DB004AAE4 /* WealthPolicyDesk.framework */,
				C9B546D1E56F4C14ACDD32BD /* WealthPolicyDeskExample.app */,
			);
			name = Products;
			sourceTree = "<group>";
		};
/* End PBXGroup section */

/* Begin PBXHeadersBuildPhase section */
		8F8F0C92CB234E85AB26D09D /* Headers */ = {
			isa = PBXHeadersBuildPhase;
			buildActionMask = 2147483647;
			files = (
				743EFD06ED374780860DF6EA /* WealthPolicyDesk.h in Headers */,
			);
			runOnlyForDeploymentPostprocessing = 0;
		};
/* End PBXHeadersBuildPhase section */

/* Begin PBXNativeTarget section */
		BE6D3D17BE01477B83FC3A33 /* WealthPolicyDesk */ = {
			isa = PBXNativeTarget;
			buildConfigurationList = F67C0EF598F1414DAD3F06EC /* Build configuration list for PBXNativeTarget "WealthPolicyDesk" */;
			buildPhases = (
				8F8F0C92CB234E85AB26D09D /* Headers */,
				EC31000F09CE4009AB15FAB6 /* Sources */,
				B78C187F03B5470A97B6E011 /* Frameworks */,
				10174C5509B24563929EF78C /* Resources */,
			);
			buildRules = (
			);
			dependencies = (
			);
			name = WealthPolicyDesk;
			productName = WealthPolicyDesk;
			productReference = 36ED079D59A6463DB004AAE4 /* WealthPolicyDesk.framework */;
			productType = "com.apple.product-type.framework";
		};
		05181CAAC32F47F888239380 /* WealthPolicyDeskExample */ = {
			isa = PBXNativeTarget;
			buildConfigurationList = F95C17F6242845BFA0554333 /* Build configuration list for PBXNativeTarget "WealthPolicyDeskExample" */;
			buildPhases = (
				39D874514C8A41389F3B6828 /* Sources */,
				EE81562F3FC745F687B2FFCE /* Frameworks */,
				AF6D7F769D954C2AAA5EBE1A /* Resources */,
				1E76EAF2A29546E98B0B4117 /* Embed Frameworks */,
			);
			buildRules = (
			);
			dependencies = (
				412B0A0EFD9949BB92C54D6F /* PBXTargetDependency */,
			);
			name = WealthPolicyDeskExample;
			productName = WealthPolicyDeskExample;
			productReference = C9B546D1E56F4C14ACDD32BD /* WealthPolicyDeskExample.app */;
			productType = "com.apple.product-type.application";
		};
/* End PBXNativeTarget section */

/* Begin PBXProject section */
		E6401C62B235455A8C669030 /* Project object */ = {
			isa = PBXProject;
			attributes = {
				BuildIndependentTargetsInParallel = 1;
				LastSwiftUpdateCheck = 2600;
				LastUpgradeCheck = 2600;
				TargetAttributes = {
					BE6D3D17BE01477B83FC3A33 = {
						CreatedOnToolsVersion = 26.0;
					};
					05181CAAC32F47F888239380 = {
						CreatedOnToolsVersion = 26.0;
					};
				};
			};
			buildConfigurationList = 2FD8BA98DDC44D8FB1E225AD /* Build configuration list for PBXProject "WealthPolicyDesk" */;
			compatibilityVersion = "Xcode 14.0";
			developmentRegion = en;
			hasScannedForEncodings = 0;
			knownRegions = (
				en,
				Base,
			);
			mainGroup = AC4B4B6E48CF4F1AA3BE1BAD;
			productRefGroup = 568BDB1561464E9188610E92 /* Products */;
			projectDirPath = "";
			projectRoot = "";
			targets = (
				BE6D3D17BE01477B83FC3A33 /* WealthPolicyDesk */,
				05181CAAC32F47F888239380 /* WealthPolicyDeskExample */,
			);
		};
/* End PBXProject section */

/* Begin PBXResourcesBuildPhase section */
		10174C5509B24563929EF78C /* Resources */ = {
			isa = PBXResourcesBuildPhase;
			buildActionMask = 2147483647;
			files = (
			);
			runOnlyForDeploymentPostprocessing = 0;
		};
		AF6D7F769D954C2AAA5EBE1A /* Resources */ = {
			isa = PBXResourcesBuildPhase;
			buildActionMask = 2147483647;
			files = (
				A802259C9AC548F89DA5BDF6 /* Assets.xcassets in Resources */,
			);
			runOnlyForDeploymentPostprocessing = 0;
		};
/* End PBXResourcesBuildPhase section */

/* Begin PBXSourcesBuildPhase section */
		EC31000F09CE4009AB15FAB6 /* Sources */ = {
			isa = PBXSourcesBuildPhase;
			buildActionMask = 2147483647;
			files = (
				23C4F2251D7846CB99DE2F1E /* Units.swift in Sources */,
				28C3B35FA47541D79D8B5CE9 /* PolicyModel.swift in Sources */,
				F3AF940AC3D54814A060177F /* HouseholdModel.swift in Sources */,
				BE6C746AC3384B5EA89E0B8F /* TaxModel.swift in Sources */,
				69301519E5A5439DA98E9CD7 /* FixedIncomeModel.swift in Sources */,
				727B4B51995E4348ACD2CB77 /* ExposureModel.swift in Sources */,
				85F32D5014804ED487990D24 /* LayerModel.swift in Sources */,
				868CEBD351564425BE2D97C6 /* Seed.swift in Sources */,
				48D144EE7E87406CB62C329F /* IntakeModel.swift in Sources */,
				E587B394EA7B472FA6B4AC5C /* PracticeMetadata.swift in Sources */,
				DEE4C764AD024BE0A704E2E5 /* Book.swift in Sources */,
				90C4A6D495984DE48F435C62 /* Engine.swift in Sources */,
				8A3A7CA9BCC344F69B2128B5 /* EngineAnalyses.swift in Sources */,
				33947BB4FB1946679236101D /* AllocationSolver.swift in Sources */,
				D51E48A15AAD4E34BAB429E7 /* RiskScale.swift in Sources */,
				1C9D0205824B41FA82555C9A /* MacroModel.swift in Sources */,
				CD55C842CC9D4033B5442201 /* MacroIndicators.swift in Sources */,
				79BAAFF914DE4E60904FDBC0 /* TacticalModel.swift in Sources */,
				CDEE54757A134DFC91E0E5D8 /* TacticalTilts.swift in Sources */,
				D105984D80BA4DBFA117EDD3 /* CapitalMarketModel.swift in Sources */,
				BDF76AFF4EA84D099BDE795D /* CapitalMarketRisk.swift in Sources */,
				D02D7B84084147FFABF3313E /* FrontierModel.swift in Sources */,
				3AD1D359308146A0B8CE0012 /* ExposureLookthrough.swift in Sources */,
				B80473D16DF24E0685EA9761 /* Decumulation.swift in Sources */,
				C08799EBA05845EAB2F4CB38 /* Resilience.swift in Sources */,
				C4943AB004CF45618AF580FE /* Planning.swift in Sources */,
				F118D6E3679F47ADB1F5341C /* Theme.swift in Sources */,
				FBA47B8A830E4584A39F8677 /* Components.swift in Sources */,
				209C96B2543A45A9A47971BD /* Teach.swift in Sources */,
				97605BD2E5974952A9004365 /* IntakeView.swift in Sources */,
				7959F8D018634E2981E5A6BE /* RosterView.swift in Sources */,
				3FF1FE5AFA394CDDB7B4A961 /* DeskView.swift in Sources */,
				D31A3B4487DE425F9D69E23F /* EconView.swift in Sources */,
				39308D5240114F389C7AEA9D /* BalanceSheetTab.swift in Sources */,
				EDBBF5C8C16D48AFA12CDB1B /* RequiredReturnTab.swift in Sources */,
				0917B132DC3E440C8F5E5161 /* ResilienceTab.swift in Sources */,
				943A927362EA4D669F51C54C /* AllocationTab.swift in Sources */,
				4E28281FE2FD4BF28A66ECAD /* RiskScaleTab.swift in Sources */,
				5987E7F995D6411E8C1082E0 /* MacroTab.swift in Sources */,
				29F1885D9C73474294537492 /* SentimentTab.swift in Sources */,
				A36456C86E044C70927CEA4A /* CapitalMarketTab.swift in Sources */,
				239DB5EEFBF145CE92617FC9 /* FrontierTab.swift in Sources */,
				88B656FE994A46318CF7F819 /* ExposureTab.swift in Sources */,
				649A5A7275E44E7DA3AF8BA5 /* PlanningTab.swift in Sources */,
				13B3CB5B2A104586B76E7A85 /* ConstraintsTab.swift in Sources */,
				0DC43D7B3AD54E71A4CC90EA /* TaxTab.swift in Sources */,
				8B5A4F428DB94BDE8022D33D /* DecumulationTab.swift in Sources */,
				8A3682CF02044E4DA57FC7FA /* DispositionTab.swift in Sources */,
				61993DF0C312466AB5EE9A2E /* TiltsTab.swift in Sources */,
				521812E96DB14950A59A6903 /* LearnTab.swift in Sources */,
			);
			runOnlyForDeploymentPostprocessing = 0;
		};
		39D874514C8A41389F3B6828 /* Sources */ = {
			isa = PBXSourcesBuildPhase;
			buildActionMask = 2147483647;
			files = (
				AAFB56DDFD4D44D08BDB04FB /* WealthPolicyDeskApp.swift in Sources */,
			);
			runOnlyForDeploymentPostprocessing = 0;
		};
/* End PBXSourcesBuildPhase section */

/* Begin PBXTargetDependency section */
		412B0A0EFD9949BB92C54D6F /* PBXTargetDependency */ = {
			isa = PBXTargetDependency;
			target = BE6D3D17BE01477B83FC3A33 /* WealthPolicyDesk */;
			targetProxy = E1FD0A4FF3FB4AC38F79C769 /* PBXContainerItemProxy */;
		};
/* End PBXTargetDependency section */

/* Begin XCBuildConfiguration section */
		CEA43ECF204944A0B54E7425 /* Debug */ = {
			isa = XCBuildConfiguration;
			buildSettings = {
				ALWAYS_SEARCH_USER_PATHS = NO;
				CLANG_ENABLE_MODULES = YES;
				CLANG_ENABLE_OBJC_ARC = YES;
				COPY_PHASE_STRIP = NO;
				DEBUG_INFORMATION_FORMAT = dwarf;
				ENABLE_TESTABILITY = YES;
				GCC_DYNAMIC_NO_PIC = NO;
				GCC_OPTIMIZATION_LEVEL = 0;
				IPHONEOS_DEPLOYMENT_TARGET = 17.0;
				ONLY_ACTIVE_ARCH = YES;
				SDKROOT = iphoneos;
				SWIFT_ACTIVE_COMPILATION_CONDITIONS = "DEBUG $(inherited)";
				SWIFT_OPTIMIZATION_LEVEL = "-Onone";
				SWIFT_VERSION = 5.0;
			};
			name = Debug;
		};
		1928E013C05542479A583A13 /* Release */ = {
			isa = XCBuildConfiguration;
			buildSettings = {
				ALWAYS_SEARCH_USER_PATHS = NO;
				CLANG_ENABLE_MODULES = YES;
				CLANG_ENABLE_OBJC_ARC = YES;
				COPY_PHASE_STRIP = NO;
				DEBUG_INFORMATION_FORMAT = "dwarf-with-dsym";
				IPHONEOS_DEPLOYMENT_TARGET = 17.0;
				SDKROOT = iphoneos;
				SWIFT_COMPILATION_MODE = wholemodule;
				SWIFT_VERSION = 5.0;
				VALIDATE_PRODUCT = YES;
			};
			name = Release;
		};
		511976A0A8384B41A579EAF4 /* Debug */ = {
			isa = XCBuildConfiguration;
			buildSettings = {
				BUILD_LIBRARY_FOR_DISTRIBUTION = NO;
				CURRENT_PROJECT_VERSION = 1;
				DEFINES_MODULE = YES;
				DYLIB_COMPATIBILITY_VERSION = 1;
				DYLIB_CURRENT_VERSION = 1;
				DYLIB_INSTALL_NAME_BASE = "@rpath";
				GENERATE_INFOPLIST_FILE = YES;
				INFOPLIST_KEY_NSHumanReadableCopyright = "";
				INSTALL_PATH = "$(LOCAL_LIBRARY_DIR)/Frameworks";
				IPHONEOS_DEPLOYMENT_TARGET = 17.0;
				LD_RUNPATH_SEARCH_PATHS = (
					"$(inherited)",
					"@executable_path/Frameworks",
					"@loader_path/Frameworks",
				);
				MARKETING_VERSION = 1.0;
				PRODUCT_BUNDLE_IDENTIFIER = com.wealthmanagement.WealthPolicyDesk;
				PRODUCT_MODULE_NAME = WealthPolicyDesk;
				PRODUCT_NAME = "$(TARGET_NAME:c99extidentifier)";
				SKIP_INSTALL = YES;
				SUPPORTED_PLATFORMS = "iphoneos iphonesimulator";
				SUPPORTS_MACCATALYST = NO;
				SWIFT_EMIT_LOC_STRINGS = YES;
				SWIFT_INSTALL_OBJC_HEADER = NO;
				SWIFT_OPTIMIZATION_LEVEL = "-O";
				SWIFT_VERSION = 5.0;
				TARGETED_DEVICE_FAMILY = "2";
				VERSIONING_SYSTEM = "apple-generic";
				VERSION_INFO_PREFIX = "";
			};
			name = Debug;
		};
		8EB733D9D24E400D96ECA4F7 /* Release */ = {
			isa = XCBuildConfiguration;
			buildSettings = {
				BUILD_LIBRARY_FOR_DISTRIBUTION = NO;
				CURRENT_PROJECT_VERSION = 1;
				DEFINES_MODULE = YES;
				DYLIB_COMPATIBILITY_VERSION = 1;
				DYLIB_CURRENT_VERSION = 1;
				DYLIB_INSTALL_NAME_BASE = "@rpath";
				GENERATE_INFOPLIST_FILE = YES;
				INFOPLIST_KEY_NSHumanReadableCopyright = "";
				INSTALL_PATH = "$(LOCAL_LIBRARY_DIR)/Frameworks";
				IPHONEOS_DEPLOYMENT_TARGET = 17.0;
				LD_RUNPATH_SEARCH_PATHS = (
					"$(inherited)",
					"@executable_path/Frameworks",
					"@loader_path/Frameworks",
				);
				MARKETING_VERSION = 1.0;
				PRODUCT_BUNDLE_IDENTIFIER = com.wealthmanagement.WealthPolicyDesk;
				PRODUCT_MODULE_NAME = WealthPolicyDesk;
				PRODUCT_NAME = "$(TARGET_NAME:c99extidentifier)";
				SKIP_INSTALL = YES;
				SUPPORTED_PLATFORMS = "iphoneos iphonesimulator";
				SUPPORTS_MACCATALYST = NO;
				SWIFT_EMIT_LOC_STRINGS = YES;
				SWIFT_INSTALL_OBJC_HEADER = NO;
				SWIFT_VERSION = 5.0;
				TARGETED_DEVICE_FAMILY = "2";
				VERSIONING_SYSTEM = "apple-generic";
				VERSION_INFO_PREFIX = "";
			};
			name = Release;
		};
		56EE0C3AE09D4FA6B31301DA /* Debug */ = {
			isa = XCBuildConfiguration;
			buildSettings = {
				ASSETCATALOG_COMPILER_APPICON_NAME = AppIcon;
				ASSETCATALOG_COMPILER_GLOBAL_ACCENT_COLOR_NAME = AccentColor;
				CODE_SIGN_STYLE = Automatic;
				CURRENT_PROJECT_VERSION = 1;
				DEVELOPMENT_TEAM = "";
				ENABLE_PREVIEWS = YES;
				GENERATE_INFOPLIST_FILE = YES;
				INFOPLIST_FILE = Example/Info.plist;
				INFOPLIST_KEY_CFBundleDisplayName = "Wealth Policy";
				INFOPLIST_KEY_UIApplicationSceneManifest_Generation = YES;
				INFOPLIST_KEY_UILaunchScreen_Generation = YES;
				INFOPLIST_KEY_UISupportedInterfaceOrientations_iPad = "UIInterfaceOrientationPortrait UIInterfaceOrientationPortraitUpsideDown UIInterfaceOrientationLandscapeLeft UIInterfaceOrientationLandscapeRight";
				INFOPLIST_KEY_UISupportedInterfaceOrientations_iPhone = "UIInterfaceOrientationPortrait UIInterfaceOrientationLandscapeLeft UIInterfaceOrientationLandscapeRight";
				IPHONEOS_DEPLOYMENT_TARGET = 17.0;
				LD_RUNPATH_SEARCH_PATHS = (
					"$(inherited)",
					"@executable_path/Frameworks",
				);
				MARKETING_VERSION = 1.0;
				PRODUCT_BUNDLE_IDENTIFIER = com.wealthmanagement.WealthPolicyDeskExample;
				PRODUCT_NAME = "$(TARGET_NAME)";
				SUPPORTED_PLATFORMS = "iphoneos iphonesimulator";
				SUPPORTS_MACCATALYST = NO;
				SWIFT_EMIT_LOC_STRINGS = YES;
				SWIFT_VERSION = 5.0;
				TARGETED_DEVICE_FAMILY = "2";
			};
			name = Debug;
		};
		958439EB1DAD4270BB7B9E8E /* Release */ = {
			isa = XCBuildConfiguration;
			buildSettings = {
				ASSETCATALOG_COMPILER_APPICON_NAME = AppIcon;
				ASSETCATALOG_COMPILER_GLOBAL_ACCENT_COLOR_NAME = AccentColor;
				CODE_SIGN_STYLE = Automatic;
				CURRENT_PROJECT_VERSION = 1;
				DEVELOPMENT_TEAM = "";
				ENABLE_PREVIEWS = YES;
				GENERATE_INFOPLIST_FILE = YES;
				INFOPLIST_FILE = Example/Info.plist;
				INFOPLIST_KEY_CFBundleDisplayName = "Wealth Policy";
				INFOPLIST_KEY_UIApplicationSceneManifest_Generation = YES;
				INFOPLIST_KEY_UILaunchScreen_Generation = YES;
				INFOPLIST_KEY_UISupportedInterfaceOrientations_iPad = "UIInterfaceOrientationPortrait UIInterfaceOrientationPortraitUpsideDown UIInterfaceOrientationLandscapeLeft UIInterfaceOrientationLandscapeRight";
				INFOPLIST_KEY_UISupportedInterfaceOrientations_iPhone = "UIInterfaceOrientationPortrait UIInterfaceOrientationLandscapeLeft UIInterfaceOrientationLandscapeRight";
				IPHONEOS_DEPLOYMENT_TARGET = 17.0;
				LD_RUNPATH_SEARCH_PATHS = (
					"$(inherited)",
					"@executable_path/Frameworks",
				);
				MARKETING_VERSION = 1.0;
				PRODUCT_BUNDLE_IDENTIFIER = com.wealthmanagement.WealthPolicyDeskExample;
				PRODUCT_NAME = "$(TARGET_NAME)";
				SUPPORTED_PLATFORMS = "iphoneos iphonesimulator";
				SUPPORTS_MACCATALYST = NO;
				SWIFT_EMIT_LOC_STRINGS = YES;
				SWIFT_VERSION = 5.0;
				TARGETED_DEVICE_FAMILY = "2";
			};
			name = Release;
		};
/* End XCBuildConfiguration section */

/* Begin XCConfigurationList section */
		2FD8BA98DDC44D8FB1E225AD /* Build configuration list for PBXProject "WealthPolicyDesk" */ = {
			isa = XCConfigurationList;
			buildConfigurations = (
				CEA43ECF204944A0B54E7425 /* Debug */,
				1928E013C05542479A583A13 /* Release */,
			);
			defaultConfigurationIsVisible = 0;
			defaultConfigurationName = Release;
		};
		F67C0EF598F1414DAD3F06EC /* Build configuration list for PBXNativeTarget "WealthPolicyDesk" */ = {
			isa = XCConfigurationList;
			buildConfigurations = (
				511976A0A8384B41A579EAF4 /* Debug */,
				8EB733D9D24E400D96ECA4F7 /* Release */,
			);
			defaultConfigurationIsVisible = 0;
			defaultConfigurationName = Release;
		};
		F95C17F6242845BFA0554333 /* Build configuration list for PBXNativeTarget "WealthPolicyDeskExample" */ = {
			isa = XCConfigurationList;
			buildConfigurations = (
				56EE0C3AE09D4FA6B31301DA /* Debug */,
				958439EB1DAD4270BB7B9E8E /* Release */,
			);
			defaultConfigurationIsVisible = 0;
			defaultConfigurationName = Release;
		};
/* End XCConfigurationList section */
	};
	rootObject = E6401C62B235455A8C669030 /* Project object */;
}
