// !$*UTF8*$!
{
	archiveVersion = 1;
	classes = {
	};
	objectVersion = 56;
	objects = {

/* Begin PBXBuildFile section */
		8C266179019C4FD180B2E98C /* Units.swift in Sources */ = {isa = PBXBuildFile; fileRef = C128E27C4BA84B3BA4F612F4 /* Units.swift */; };
		FB90C2D151BA4C5086171E06 /* PolicyModel.swift in Sources */ = {isa = PBXBuildFile; fileRef = BF009484C3FB47C3B08C10FF /* PolicyModel.swift */; };
		6A51314FB1624568896D7E38 /* HouseholdModel.swift in Sources */ = {isa = PBXBuildFile; fileRef = D19B6D6324AE4C84B5CFD74A /* HouseholdModel.swift */; };
		0CBA44CB17AE4B909FCCD258 /* TaxModel.swift in Sources */ = {isa = PBXBuildFile; fileRef = 1F73562DF39C453498C2A518 /* TaxModel.swift */; };
		F43E0064D80D4145B07A9FCA /* FixedIncomeModel.swift in Sources */ = {isa = PBXBuildFile; fileRef = FD5B7476F95249B19CA16688 /* FixedIncomeModel.swift */; };
		020D98876C2C4829860FBCCF /* ExposureModel.swift in Sources */ = {isa = PBXBuildFile; fileRef = 9A3EA54474F4456E8DBC0921 /* ExposureModel.swift */; };
		1E4EFF05EF4D4446A0BE6CAE /* LayerModel.swift in Sources */ = {isa = PBXBuildFile; fileRef = D00D70D363A044A186686938 /* LayerModel.swift */; };
		7562D3D7A54742EC9DEF4D47 /* Seed.swift in Sources */ = {isa = PBXBuildFile; fileRef = 9AD5AF6D5EB24C73919AB1EF /* Seed.swift */; };
		43E409007FB247DE89F4D0DA /* IntakeModel.swift in Sources */ = {isa = PBXBuildFile; fileRef = 9ED4328C373D4D69B7AAC62E /* IntakeModel.swift */; };
		95E1EF6263D541F683AC4837 /* PracticeMetadata.swift in Sources */ = {isa = PBXBuildFile; fileRef = 97991D9BD68F4FD59715C14B /* PracticeMetadata.swift */; };
		034DE01C6DFF4572ACA0533D /* Book.swift in Sources */ = {isa = PBXBuildFile; fileRef = 61E913E82C10472CBED6B87D /* Book.swift */; };
		FA1F009923B844A3A621AA09 /* Engine.swift in Sources */ = {isa = PBXBuildFile; fileRef = 2A196011546C43CD9669E544 /* Engine.swift */; };
		807550887FBD4EA7AD3C233F /* EngineAnalyses.swift in Sources */ = {isa = PBXBuildFile; fileRef = 552F1E8183C34207996E603E /* EngineAnalyses.swift */; };
		4DC51EA4C85B4975832090C4 /* AllocationSolver.swift in Sources */ = {isa = PBXBuildFile; fileRef = AE24E285F13043EBA5684E6B /* AllocationSolver.swift */; };
		E9F4E0A23850493CA6AD87DF /* RiskScale.swift in Sources */ = {isa = PBXBuildFile; fileRef = 9CB0A57B3B1B4DC1A8308C73 /* RiskScale.swift */; };
		5E0A5F1734E749E6838CB952 /* MacroModel.swift in Sources */ = {isa = PBXBuildFile; fileRef = 1A8B8B0459894470880DBA02 /* MacroModel.swift */; };
		E7AE663E0173445881D142E5 /* MacroIndicators.swift in Sources */ = {isa = PBXBuildFile; fileRef = E2E83BF2F3D445F5BA4383E3 /* MacroIndicators.swift */; };
		386688985E6A448BAA82F474 /* TacticalModel.swift in Sources */ = {isa = PBXBuildFile; fileRef = 45B113726ECA4908BDB4AF64 /* TacticalModel.swift */; };
		CBD7846BB5AB4DC1B51401EF /* TacticalTilts.swift in Sources */ = {isa = PBXBuildFile; fileRef = 36E01150D4A9479395D9C974 /* TacticalTilts.swift */; };
		0F9725D114B04A95AEDF7129 /* CapitalMarketModel.swift in Sources */ = {isa = PBXBuildFile; fileRef = 8E6ED591075040C58780C382 /* CapitalMarketModel.swift */; };
		5A610E5FD9D34A7D88813843 /* CapitalMarketRisk.swift in Sources */ = {isa = PBXBuildFile; fileRef = 3C998823CEBC4491A28084F4 /* CapitalMarketRisk.swift */; };
		C08BC7F25793470B951F3D7F /* FrontierModel.swift in Sources */ = {isa = PBXBuildFile; fileRef = E9BE31518326497199C84230 /* FrontierModel.swift */; };
		D798401C62CA4357A3163785 /* ExposureLookthrough.swift in Sources */ = {isa = PBXBuildFile; fileRef = 07281F9CB67F40AFA170D5F7 /* ExposureLookthrough.swift */; };
		C322F6A68A4D400AAEC66AF2 /* FactorLookthrough.swift in Sources */ = {isa = PBXBuildFile; fileRef = E607A793A6844E758FE81393 /* FactorLookthrough.swift */; };
		32C7EC1BA63B4042907FFF50 /* RebalanceModel.swift in Sources */ = {isa = PBXBuildFile; fileRef = 81C58705555E46D58F15E821 /* RebalanceModel.swift */; };
		994CDB3C05404148AED5E281 /* Decumulation.swift in Sources */ = {isa = PBXBuildFile; fileRef = 7F04903814B54D14A3E74C0C /* Decumulation.swift */; };
		670C9C4B3A384643804A8F09 /* Resilience.swift in Sources */ = {isa = PBXBuildFile; fileRef = 1077517A8FB44A7F92CDC12B /* Resilience.swift */; };
		EB6431E97C0D4D598234947D /* Planning.swift in Sources */ = {isa = PBXBuildFile; fileRef = 1E07DAEAE1B74904AB0D3549 /* Planning.swift */; };
		AB03D662168B401AAB162CD0 /* Theme.swift in Sources */ = {isa = PBXBuildFile; fileRef = 82602BBC1220430A853A705A /* Theme.swift */; };
		2B74CAEFC2904FD6A4829CE4 /* Components.swift in Sources */ = {isa = PBXBuildFile; fileRef = 9BE702BD7A744ADCBEFBBFFC /* Components.swift */; };
		7D49953A4F924599B3B76E6D /* Teach.swift in Sources */ = {isa = PBXBuildFile; fileRef = 7AD73E893F7B48D9A244394C /* Teach.swift */; };
		077205EA9EEB49F3B573E89A /* IntakeView.swift in Sources */ = {isa = PBXBuildFile; fileRef = D498CA3980D74A9A93E9738E /* IntakeView.swift */; };
		FC0BC52900BF4382A21F0F0C /* RosterView.swift in Sources */ = {isa = PBXBuildFile; fileRef = 48A0E3BB36B74E0A9CC4ACEC /* RosterView.swift */; };
		5913E4BE1DAA4E949805285E /* DeskView.swift in Sources */ = {isa = PBXBuildFile; fileRef = 7B514839CED744D4A75AA6A5 /* DeskView.swift */; };
		91EE0AE7DE5D4DFD8C3686DC /* EconView.swift in Sources */ = {isa = PBXBuildFile; fileRef = 589A596A5187409097E672F1 /* EconView.swift */; };
		8EB2ED5F8F784D9DB267FD68 /* BalanceSheetTab.swift in Sources */ = {isa = PBXBuildFile; fileRef = 2AF862DFF84B42F7BEF88A51 /* BalanceSheetTab.swift */; };
		DC90F80902DC45C382F0EBBE /* RequiredReturnTab.swift in Sources */ = {isa = PBXBuildFile; fileRef = A8369DDDDE8F489FB0385C83 /* RequiredReturnTab.swift */; };
		3ED594E017A94572BAB2460D /* ResilienceTab.swift in Sources */ = {isa = PBXBuildFile; fileRef = EE650597C67741B8A726480E /* ResilienceTab.swift */; };
		5653CBD5D8EA4EF0AC387D67 /* AllocationTab.swift in Sources */ = {isa = PBXBuildFile; fileRef = 5E74F62B399E4B8381FD6759 /* AllocationTab.swift */; };
		4646699AE53D422C814C4294 /* RiskScaleTab.swift in Sources */ = {isa = PBXBuildFile; fileRef = E23ECB38797B4433A4E02513 /* RiskScaleTab.swift */; };
		13A1AE18DB544A9C8B45ACBF /* MacroTab.swift in Sources */ = {isa = PBXBuildFile; fileRef = BE1F663E18994B189E4F2413 /* MacroTab.swift */; };
		A38D41ABBAA147A8BE965A81 /* SentimentTab.swift in Sources */ = {isa = PBXBuildFile; fileRef = 9BEA1AE6DEE542A9BCBD28C8 /* SentimentTab.swift */; };
		51C116412ED545F490D44232 /* CapitalMarketTab.swift in Sources */ = {isa = PBXBuildFile; fileRef = 2AC0D2E141ED411FA7D15CE1 /* CapitalMarketTab.swift */; };
		44602062E1B74AB7B4E7A758 /* FrontierTab.swift in Sources */ = {isa = PBXBuildFile; fileRef = 1ABFF776B5BE48328F88E703 /* FrontierTab.swift */; };
		77B8D06709AE4E2FB2CFEE34 /* ExposureTab.swift in Sources */ = {isa = PBXBuildFile; fileRef = 4A9BF5BCA6B24B3698D453F2 /* ExposureTab.swift */; };
		DD623E57F7494352B6A8D01D /* RebalanceTab.swift in Sources */ = {isa = PBXBuildFile; fileRef = FE5017CDE7F54B14AB871DDF /* RebalanceTab.swift */; };
		517B7669DA364814AAFD816D /* PlanningTab.swift in Sources */ = {isa = PBXBuildFile; fileRef = 1D1257B8A10C492A9918DF05 /* PlanningTab.swift */; };
		6CDF9BAC8A25428C97B38788 /* ConstraintsTab.swift in Sources */ = {isa = PBXBuildFile; fileRef = 20211A77C78946ECAC5D5604 /* ConstraintsTab.swift */; };
		191F5F189A9D4C9983CD078D /* TaxTab.swift in Sources */ = {isa = PBXBuildFile; fileRef = DC7CAAAC2EDE467B9CBE60D9 /* TaxTab.swift */; };
		6D715F0633594674BF08B6CB /* DecumulationTab.swift in Sources */ = {isa = PBXBuildFile; fileRef = 514832E8072C40F29609281F /* DecumulationTab.swift */; };
		808B12A78EA44ED9A748F2FE /* DispositionTab.swift in Sources */ = {isa = PBXBuildFile; fileRef = 177E56D8184B49289E348638 /* DispositionTab.swift */; };
		007F99302CE343998F16AE41 /* TiltsTab.swift in Sources */ = {isa = PBXBuildFile; fileRef = EDBB56B360AF4CAA9510622B /* TiltsTab.swift */; };
		7F7E1E80FE434189A02AABB1 /* LearnTab.swift in Sources */ = {isa = PBXBuildFile; fileRef = AC50101C0045430E9ABFA4D2 /* LearnTab.swift */; };
		D930951897634577BB2312DD /* WealthPolicyDesk.h in Headers */ = {isa = PBXBuildFile; fileRef = ACA7616EBB0542F3B7D6D355 /* WealthPolicyDesk.h */; settings = {ATTRIBUTES = (Public, ); }; };
		55C9E1D87E234050857D188D /* WealthPolicyDeskApp.swift in Sources */ = {isa = PBXBuildFile; fileRef = 84081C285B434FA5A5141F77 /* WealthPolicyDeskApp.swift */; };
		2361CD0842DE4BC5B3EE5311 /* WealthPolicyDesk.framework in Frameworks */ = {isa = PBXBuildFile; fileRef = 28D0CCCF20F24EF5916138E5 /* WealthPolicyDesk.framework */; };
		FD0B0C306106485F942C1B9B /* WealthPolicyDesk.framework in Embed Frameworks */ = {isa = PBXBuildFile; fileRef = 28D0CCCF20F24EF5916138E5 /* WealthPolicyDesk.framework */; settings = {ATTRIBUTES = (CodeSignOnCopy, RemoveHeadersOnCopy, ); }; };
		4152DB33BADD4807920510CE /* Assets.xcassets in Resources */ = {isa = PBXBuildFile; fileRef = 0C7AA0DDF3DE4EB283552456 /* Assets.xcassets */; };
/* End PBXBuildFile section */

/* Begin PBXContainerItemProxy section */
		ED63A273698B41908042BCD7 /* PBXContainerItemProxy */ = {
			isa = PBXContainerItemProxy;
			containerPortal = 299ED89D8AFA497CAC242981 /* Project object */;
			proxyType = 1;
			remoteGlobalIDString = 5AACD073629544F9905A8DB3;
			remoteInfo = WealthPolicyDesk;
		};
/* End PBXContainerItemProxy section */

/* Begin PBXCopyFilesBuildPhase section */
		40F43896FA2F48AD96D3D9BA /* Embed Frameworks */ = {
			isa = PBXCopyFilesBuildPhase;
			buildActionMask = 2147483647;
			dstPath = "";
			dstSubfolderSpec = 10;
			files = (
				FD0B0C306106485F942C1B9B /* WealthPolicyDesk.framework in Embed Frameworks */,
			);
			name = "Embed Frameworks";
			runOnlyForDeploymentPostprocessing = 0;
		};
/* End PBXCopyFilesBuildPhase section */

/* Begin PBXFileReference section */
		C128E27C4BA84B3BA4F612F4 /* Units.swift */ = {isa = PBXFileReference; lastKnownFileType = sourcecode.swift; path = Units.swift; sourceTree = "<group>"; };
		BF009484C3FB47C3B08C10FF /* PolicyModel.swift */ = {isa = PBXFileReference; lastKnownFileType = sourcecode.swift; path = PolicyModel.swift; sourceTree = "<group>"; };
		D19B6D6324AE4C84B5CFD74A /* HouseholdModel.swift */ = {isa = PBXFileReference; lastKnownFileType = sourcecode.swift; path = HouseholdModel.swift; sourceTree = "<group>"; };
		1F73562DF39C453498C2A518 /* TaxModel.swift */ = {isa = PBXFileReference; lastKnownFileType = sourcecode.swift; path = TaxModel.swift; sourceTree = "<group>"; };
		FD5B7476F95249B19CA16688 /* FixedIncomeModel.swift */ = {isa = PBXFileReference; lastKnownFileType = sourcecode.swift; path = FixedIncomeModel.swift; sourceTree = "<group>"; };
		9A3EA54474F4456E8DBC0921 /* ExposureModel.swift */ = {isa = PBXFileReference; lastKnownFileType = sourcecode.swift; path = ExposureModel.swift; sourceTree = "<group>"; };
		D00D70D363A044A186686938 /* LayerModel.swift */ = {isa = PBXFileReference; lastKnownFileType = sourcecode.swift; path = LayerModel.swift; sourceTree = "<group>"; };
		9AD5AF6D5EB24C73919AB1EF /* Seed.swift */ = {isa = PBXFileReference; lastKnownFileType = sourcecode.swift; path = Seed.swift; sourceTree = "<group>"; };
		9ED4328C373D4D69B7AAC62E /* IntakeModel.swift */ = {isa = PBXFileReference; lastKnownFileType = sourcecode.swift; path = IntakeModel.swift; sourceTree = "<group>"; };
		97991D9BD68F4FD59715C14B /* PracticeMetadata.swift */ = {isa = PBXFileReference; lastKnownFileType = sourcecode.swift; path = PracticeMetadata.swift; sourceTree = "<group>"; };
		61E913E82C10472CBED6B87D /* Book.swift */ = {isa = PBXFileReference; lastKnownFileType = sourcecode.swift; path = Book.swift; sourceTree = "<group>"; };
		2A196011546C43CD9669E544 /* Engine.swift */ = {isa = PBXFileReference; lastKnownFileType = sourcecode.swift; path = Engine.swift; sourceTree = "<group>"; };
		552F1E8183C34207996E603E /* EngineAnalyses.swift */ = {isa = PBXFileReference; lastKnownFileType = sourcecode.swift; path = EngineAnalyses.swift; sourceTree = "<group>"; };
		AE24E285F13043EBA5684E6B /* AllocationSolver.swift */ = {isa = PBXFileReference; lastKnownFileType = sourcecode.swift; path = AllocationSolver.swift; sourceTree = "<group>"; };
		9CB0A57B3B1B4DC1A8308C73 /* RiskScale.swift */ = {isa = PBXFileReference; lastKnownFileType = sourcecode.swift; path = RiskScale.swift; sourceTree = "<group>"; };
		1A8B8B0459894470880DBA02 /* MacroModel.swift */ = {isa = PBXFileReference; lastKnownFileType = sourcecode.swift; path = MacroModel.swift; sourceTree = "<group>"; };
		E2E83BF2F3D445F5BA4383E3 /* MacroIndicators.swift */ = {isa = PBXFileReference; lastKnownFileType = sourcecode.swift; path = MacroIndicators.swift; sourceTree = "<group>"; };
		45B113726ECA4908BDB4AF64 /* TacticalModel.swift */ = {isa = PBXFileReference; lastKnownFileType = sourcecode.swift; path = TacticalModel.swift; sourceTree = "<group>"; };
		36E01150D4A9479395D9C974 /* TacticalTilts.swift */ = {isa = PBXFileReference; lastKnownFileType = sourcecode.swift; path = TacticalTilts.swift; sourceTree = "<group>"; };
		8E6ED591075040C58780C382 /* CapitalMarketModel.swift */ = {isa = PBXFileReference; lastKnownFileType = sourcecode.swift; path = CapitalMarketModel.swift; sourceTree = "<group>"; };
		3C998823CEBC4491A28084F4 /* CapitalMarketRisk.swift */ = {isa = PBXFileReference; lastKnownFileType = sourcecode.swift; path = CapitalMarketRisk.swift; sourceTree = "<group>"; };
		E9BE31518326497199C84230 /* FrontierModel.swift */ = {isa = PBXFileReference; lastKnownFileType = sourcecode.swift; path = FrontierModel.swift; sourceTree = "<group>"; };
		07281F9CB67F40AFA170D5F7 /* ExposureLookthrough.swift */ = {isa = PBXFileReference; lastKnownFileType = sourcecode.swift; path = ExposureLookthrough.swift; sourceTree = "<group>"; };
		E607A793A6844E758FE81393 /* FactorLookthrough.swift */ = {isa = PBXFileReference; lastKnownFileType = sourcecode.swift; path = FactorLookthrough.swift; sourceTree = "<group>"; };
		81C58705555E46D58F15E821 /* RebalanceModel.swift */ = {isa = PBXFileReference; lastKnownFileType = sourcecode.swift; path = RebalanceModel.swift; sourceTree = "<group>"; };
		7F04903814B54D14A3E74C0C /* Decumulation.swift */ = {isa = PBXFileReference; lastKnownFileType = sourcecode.swift; path = Decumulation.swift; sourceTree = "<group>"; };
		1077517A8FB44A7F92CDC12B /* Resilience.swift */ = {isa = PBXFileReference; lastKnownFileType = sourcecode.swift; path = Resilience.swift; sourceTree = "<group>"; };
		1E07DAEAE1B74904AB0D3549 /* Planning.swift */ = {isa = PBXFileReference; lastKnownFileType = sourcecode.swift; path = Planning.swift; sourceTree = "<group>"; };
		82602BBC1220430A853A705A /* Theme.swift */ = {isa = PBXFileReference; lastKnownFileType = sourcecode.swift; path = Theme.swift; sourceTree = "<group>"; };
		9BE702BD7A744ADCBEFBBFFC /* Components.swift */ = {isa = PBXFileReference; lastKnownFileType = sourcecode.swift; path = Components.swift; sourceTree = "<group>"; };
		7AD73E893F7B48D9A244394C /* Teach.swift */ = {isa = PBXFileReference; lastKnownFileType = sourcecode.swift; path = Teach.swift; sourceTree = "<group>"; };
		D498CA3980D74A9A93E9738E /* IntakeView.swift */ = {isa = PBXFileReference; lastKnownFileType = sourcecode.swift; path = IntakeView.swift; sourceTree = "<group>"; };
		48A0E3BB36B74E0A9CC4ACEC /* RosterView.swift */ = {isa = PBXFileReference; lastKnownFileType = sourcecode.swift; path = RosterView.swift; sourceTree = "<group>"; };
		7B514839CED744D4A75AA6A5 /* DeskView.swift */ = {isa = PBXFileReference; lastKnownFileType = sourcecode.swift; path = DeskView.swift; sourceTree = "<group>"; };
		589A596A5187409097E672F1 /* EconView.swift */ = {isa = PBXFileReference; lastKnownFileType = sourcecode.swift; path = EconView.swift; sourceTree = "<group>"; };
		2AF862DFF84B42F7BEF88A51 /* BalanceSheetTab.swift */ = {isa = PBXFileReference; lastKnownFileType = sourcecode.swift; path = BalanceSheetTab.swift; sourceTree = "<group>"; };
		A8369DDDDE8F489FB0385C83 /* RequiredReturnTab.swift */ = {isa = PBXFileReference; lastKnownFileType = sourcecode.swift; path = RequiredReturnTab.swift; sourceTree = "<group>"; };
		EE650597C67741B8A726480E /* ResilienceTab.swift */ = {isa = PBXFileReference; lastKnownFileType = sourcecode.swift; path = ResilienceTab.swift; sourceTree = "<group>"; };
		5E74F62B399E4B8381FD6759 /* AllocationTab.swift */ = {isa = PBXFileReference; lastKnownFileType = sourcecode.swift; path = AllocationTab.swift; sourceTree = "<group>"; };
		E23ECB38797B4433A4E02513 /* RiskScaleTab.swift */ = {isa = PBXFileReference; lastKnownFileType = sourcecode.swift; path = RiskScaleTab.swift; sourceTree = "<group>"; };
		BE1F663E18994B189E4F2413 /* MacroTab.swift */ = {isa = PBXFileReference; lastKnownFileType = sourcecode.swift; path = MacroTab.swift; sourceTree = "<group>"; };
		9BEA1AE6DEE542A9BCBD28C8 /* SentimentTab.swift */ = {isa = PBXFileReference; lastKnownFileType = sourcecode.swift; path = SentimentTab.swift; sourceTree = "<group>"; };
		2AC0D2E141ED411FA7D15CE1 /* CapitalMarketTab.swift */ = {isa = PBXFileReference; lastKnownFileType = sourcecode.swift; path = CapitalMarketTab.swift; sourceTree = "<group>"; };
		1ABFF776B5BE48328F88E703 /* FrontierTab.swift */ = {isa = PBXFileReference; lastKnownFileType = sourcecode.swift; path = FrontierTab.swift; sourceTree = "<group>"; };
		4A9BF5BCA6B24B3698D453F2 /* ExposureTab.swift */ = {isa = PBXFileReference; lastKnownFileType = sourcecode.swift; path = ExposureTab.swift; sourceTree = "<group>"; };
		FE5017CDE7F54B14AB871DDF /* RebalanceTab.swift */ = {isa = PBXFileReference; lastKnownFileType = sourcecode.swift; path = RebalanceTab.swift; sourceTree = "<group>"; };
		1D1257B8A10C492A9918DF05 /* PlanningTab.swift */ = {isa = PBXFileReference; lastKnownFileType = sourcecode.swift; path = PlanningTab.swift; sourceTree = "<group>"; };
		20211A77C78946ECAC5D5604 /* ConstraintsTab.swift */ = {isa = PBXFileReference; lastKnownFileType = sourcecode.swift; path = ConstraintsTab.swift; sourceTree = "<group>"; };
		DC7CAAAC2EDE467B9CBE60D9 /* TaxTab.swift */ = {isa = PBXFileReference; lastKnownFileType = sourcecode.swift; path = TaxTab.swift; sourceTree = "<group>"; };
		514832E8072C40F29609281F /* DecumulationTab.swift */ = {isa = PBXFileReference; lastKnownFileType = sourcecode.swift; path = DecumulationTab.swift; sourceTree = "<group>"; };
		177E56D8184B49289E348638 /* DispositionTab.swift */ = {isa = PBXFileReference; lastKnownFileType = sourcecode.swift; path = DispositionTab.swift; sourceTree = "<group>"; };
		EDBB56B360AF4CAA9510622B /* TiltsTab.swift */ = {isa = PBXFileReference; lastKnownFileType = sourcecode.swift; path = TiltsTab.swift; sourceTree = "<group>"; };
		AC50101C0045430E9ABFA4D2 /* LearnTab.swift */ = {isa = PBXFileReference; lastKnownFileType = sourcecode.swift; path = LearnTab.swift; sourceTree = "<group>"; };
		ACA7616EBB0542F3B7D6D355 /* WealthPolicyDesk.h */ = {isa = PBXFileReference; lastKnownFileType = sourcecode.c.h; path = WealthPolicyDesk.h; sourceTree = "<group>"; };
		84081C285B434FA5A5141F77 /* WealthPolicyDeskApp.swift */ = {isa = PBXFileReference; lastKnownFileType = sourcecode.swift; path = WealthPolicyDeskApp.swift; sourceTree = "<group>"; };
		7D1D6C3246124EA5902519C7 /* Info.plist */ = {isa = PBXFileReference; lastKnownFileType = text.plist.xml; path = Info.plist; sourceTree = "<group>"; };
		0C7AA0DDF3DE4EB283552456 /* Assets.xcassets */ = {isa = PBXFileReference; lastKnownFileType = folder.assetcatalog; path = Assets.xcassets; sourceTree = "<group>"; };
		28D0CCCF20F24EF5916138E5 /* WealthPolicyDesk.framework */ = {isa = PBXFileReference; explicitFileType = wrapper.framework; includeInIndex = 0; path = WealthPolicyDesk.framework; sourceTree = BUILT_PRODUCTS_DIR; };
		96240DA06FB0426AB38695A1 /* WealthPolicyDeskExample.app */ = {isa = PBXFileReference; explicitFileType = wrapper.application; includeInIndex = 0; path = WealthPolicyDeskExample.app; sourceTree = BUILT_PRODUCTS_DIR; };
/* End PBXFileReference section */

/* Begin PBXFrameworksBuildPhase section */
		DD79098CFCEA410BAF3C052B /* Frameworks */ = {
			isa = PBXFrameworksBuildPhase;
			buildActionMask = 2147483647;
			files = (
			);
			runOnlyForDeploymentPostprocessing = 0;
		};
		C81DAE5441A94F34BDA77D7B /* Frameworks */ = {
			isa = PBXFrameworksBuildPhase;
			buildActionMask = 2147483647;
			files = (
				2361CD0842DE4BC5B3EE5311 /* WealthPolicyDesk.framework in Frameworks */,
			);
			runOnlyForDeploymentPostprocessing = 0;
		};
/* End PBXFrameworksBuildPhase section */

/* Begin PBXGroup section */
		473AE5E731894DAEA804366A = {
			isa = PBXGroup;
			children = (
				9285BCE2CD554AA581BD5707 /* WealthPolicyDesk */,
				6A312429821244BAA29F6AE3 /* Example */,
				8AF48FA3B3364938A8D6DE1C /* Products */,
			);
			sourceTree = "<group>";
		};
		9285BCE2CD554AA581BD5707 /* WealthPolicyDesk */ = {
			isa = PBXGroup;
			children = (
				C128E27C4BA84B3BA4F612F4 /* Units.swift */,
				BF009484C3FB47C3B08C10FF /* PolicyModel.swift */,
				D19B6D6324AE4C84B5CFD74A /* HouseholdModel.swift */,
				1F73562DF39C453498C2A518 /* TaxModel.swift */,
				FD5B7476F95249B19CA16688 /* FixedIncomeModel.swift */,
				9A3EA54474F4456E8DBC0921 /* ExposureModel.swift */,
				D00D70D363A044A186686938 /* LayerModel.swift */,
				9AD5AF6D5EB24C73919AB1EF /* Seed.swift */,
				9ED4328C373D4D69B7AAC62E /* IntakeModel.swift */,
				97991D9BD68F4FD59715C14B /* PracticeMetadata.swift */,
				61E913E82C10472CBED6B87D /* Book.swift */,
				2A196011546C43CD9669E544 /* Engine.swift */,
				552F1E8183C34207996E603E /* EngineAnalyses.swift */,
				AE24E285F13043EBA5684E6B /* AllocationSolver.swift */,
				9CB0A57B3B1B4DC1A8308C73 /* RiskScale.swift */,
				1A8B8B0459894470880DBA02 /* MacroModel.swift */,
				E2E83BF2F3D445F5BA4383E3 /* MacroIndicators.swift */,
				45B113726ECA4908BDB4AF64 /* TacticalModel.swift */,
				36E01150D4A9479395D9C974 /* TacticalTilts.swift */,
				8E6ED591075040C58780C382 /* CapitalMarketModel.swift */,
				3C998823CEBC4491A28084F4 /* CapitalMarketRisk.swift */,
				E9BE31518326497199C84230 /* FrontierModel.swift */,
				07281F9CB67F40AFA170D5F7 /* ExposureLookthrough.swift */,
				E607A793A6844E758FE81393 /* FactorLookthrough.swift */,
				81C58705555E46D58F15E821 /* RebalanceModel.swift */,
				7F04903814B54D14A3E74C0C /* Decumulation.swift */,
				1077517A8FB44A7F92CDC12B /* Resilience.swift */,
				1E07DAEAE1B74904AB0D3549 /* Planning.swift */,
				82602BBC1220430A853A705A /* Theme.swift */,
				9BE702BD7A744ADCBEFBBFFC /* Components.swift */,
				7AD73E893F7B48D9A244394C /* Teach.swift */,
				D498CA3980D74A9A93E9738E /* IntakeView.swift */,
				48A0E3BB36B74E0A9CC4ACEC /* RosterView.swift */,
				7B514839CED744D4A75AA6A5 /* DeskView.swift */,
				589A596A5187409097E672F1 /* EconView.swift */,
				2AF862DFF84B42F7BEF88A51 /* BalanceSheetTab.swift */,
				A8369DDDDE8F489FB0385C83 /* RequiredReturnTab.swift */,
				EE650597C67741B8A726480E /* ResilienceTab.swift */,
				5E74F62B399E4B8381FD6759 /* AllocationTab.swift */,
				E23ECB38797B4433A4E02513 /* RiskScaleTab.swift */,
				BE1F663E18994B189E4F2413 /* MacroTab.swift */,
				9BEA1AE6DEE542A9BCBD28C8 /* SentimentTab.swift */,
				2AC0D2E141ED411FA7D15CE1 /* CapitalMarketTab.swift */,
				1ABFF776B5BE48328F88E703 /* FrontierTab.swift */,
				4A9BF5BCA6B24B3698D453F2 /* ExposureTab.swift */,
				FE5017CDE7F54B14AB871DDF /* RebalanceTab.swift */,
				1D1257B8A10C492A9918DF05 /* PlanningTab.swift */,
				20211A77C78946ECAC5D5604 /* ConstraintsTab.swift */,
				DC7CAAAC2EDE467B9CBE60D9 /* TaxTab.swift */,
				514832E8072C40F29609281F /* DecumulationTab.swift */,
				177E56D8184B49289E348638 /* DispositionTab.swift */,
				EDBB56B360AF4CAA9510622B /* TiltsTab.swift */,
				AC50101C0045430E9ABFA4D2 /* LearnTab.swift */,
				ACA7616EBB0542F3B7D6D355 /* WealthPolicyDesk.h */,
			);
			name = WealthPolicyDesk;
			path = Sources/WealthPolicyDesk;
			sourceTree = "<group>";
		};
		6A312429821244BAA29F6AE3 /* Example */ = {
			isa = PBXGroup;
			children = (
				84081C285B434FA5A5141F77 /* WealthPolicyDeskApp.swift */,
				0C7AA0DDF3DE4EB283552456 /* Assets.xcassets */,
				7D1D6C3246124EA5902519C7 /* Info.plist */,
			);
			path = Example;
			sourceTree = "<group>";
		};
		8AF48FA3B3364938A8D6DE1C /* Products */ = {
			isa = PBXGroup;
			children = (
				28D0CCCF20F24EF5916138E5 /* WealthPolicyDesk.framework */,
				96240DA06FB0426AB38695A1 /* WealthPolicyDeskExample.app */,
			);
			name = Products;
			sourceTree = "<group>";
		};
/* End PBXGroup section */

/* Begin PBXHeadersBuildPhase section */
		C56AB5AE17C6463BA297DF32 /* Headers */ = {
			isa = PBXHeadersBuildPhase;
			buildActionMask = 2147483647;
			files = (
				D930951897634577BB2312DD /* WealthPolicyDesk.h in Headers */,
			);
			runOnlyForDeploymentPostprocessing = 0;
		};
/* End PBXHeadersBuildPhase section */

/* Begin PBXNativeTarget section */
		5AACD073629544F9905A8DB3 /* WealthPolicyDesk */ = {
			isa = PBXNativeTarget;
			buildConfigurationList = 111FC4ED07F046D8A8EF8259 /* Build configuration list for PBXNativeTarget "WealthPolicyDesk" */;
			buildPhases = (
				C56AB5AE17C6463BA297DF32 /* Headers */,
				4AB0BDA7A2DA457195C74442 /* Sources */,
				DD79098CFCEA410BAF3C052B /* Frameworks */,
				13FAD2B8B0304633B024D9E5 /* Resources */,
			);
			buildRules = (
			);
			dependencies = (
			);
			name = WealthPolicyDesk;
			productName = WealthPolicyDesk;
			productReference = 28D0CCCF20F24EF5916138E5 /* WealthPolicyDesk.framework */;
			productType = "com.apple.product-type.framework";
		};
		888B228ACC0B4FDE81C5C5FF /* WealthPolicyDeskExample */ = {
			isa = PBXNativeTarget;
			buildConfigurationList = 0913EBD8C49344CD83C7FCDB /* Build configuration list for PBXNativeTarget "WealthPolicyDeskExample" */;
			buildPhases = (
				79FD6B081265427CBB116998 /* Sources */,
				C81DAE5441A94F34BDA77D7B /* Frameworks */,
				6424F409FB644848B28DD669 /* Resources */,
				40F43896FA2F48AD96D3D9BA /* Embed Frameworks */,
			);
			buildRules = (
			);
			dependencies = (
				95830E14F52B4D32BBF3057A /* PBXTargetDependency */,
			);
			name = WealthPolicyDeskExample;
			productName = WealthPolicyDeskExample;
			productReference = 96240DA06FB0426AB38695A1 /* WealthPolicyDeskExample.app */;
			productType = "com.apple.product-type.application";
		};
/* End PBXNativeTarget section */

/* Begin PBXProject section */
		299ED89D8AFA497CAC242981 /* Project object */ = {
			isa = PBXProject;
			attributes = {
				BuildIndependentTargetsInParallel = 1;
				LastSwiftUpdateCheck = 2600;
				LastUpgradeCheck = 2600;
				TargetAttributes = {
					5AACD073629544F9905A8DB3 = {
						CreatedOnToolsVersion = 26.0;
					};
					888B228ACC0B4FDE81C5C5FF = {
						CreatedOnToolsVersion = 26.0;
					};
				};
			};
			buildConfigurationList = 4309DE23B328450EA8CB3EAA /* Build configuration list for PBXProject "WealthPolicyDesk" */;
			compatibilityVersion = "Xcode 14.0";
			developmentRegion = en;
			hasScannedForEncodings = 0;
			knownRegions = (
				en,
				Base,
			);
			mainGroup = 473AE5E731894DAEA804366A;
			productRefGroup = 8AF48FA3B3364938A8D6DE1C /* Products */;
			projectDirPath = "";
			projectRoot = "";
			targets = (
				5AACD073629544F9905A8DB3 /* WealthPolicyDesk */,
				888B228ACC0B4FDE81C5C5FF /* WealthPolicyDeskExample */,
			);
		};
/* End PBXProject section */

/* Begin PBXResourcesBuildPhase section */
		13FAD2B8B0304633B024D9E5 /* Resources */ = {
			isa = PBXResourcesBuildPhase;
			buildActionMask = 2147483647;
			files = (
			);
			runOnlyForDeploymentPostprocessing = 0;
		};
		6424F409FB644848B28DD669 /* Resources */ = {
			isa = PBXResourcesBuildPhase;
			buildActionMask = 2147483647;
			files = (
				4152DB33BADD4807920510CE /* Assets.xcassets in Resources */,
			);
			runOnlyForDeploymentPostprocessing = 0;
		};
/* End PBXResourcesBuildPhase section */

/* Begin PBXSourcesBuildPhase section */
		4AB0BDA7A2DA457195C74442 /* Sources */ = {
			isa = PBXSourcesBuildPhase;
			buildActionMask = 2147483647;
			files = (
				8C266179019C4FD180B2E98C /* Units.swift in Sources */,
				FB90C2D151BA4C5086171E06 /* PolicyModel.swift in Sources */,
				6A51314FB1624568896D7E38 /* HouseholdModel.swift in Sources */,
				0CBA44CB17AE4B909FCCD258 /* TaxModel.swift in Sources */,
				F43E0064D80D4145B07A9FCA /* FixedIncomeModel.swift in Sources */,
				020D98876C2C4829860FBCCF /* ExposureModel.swift in Sources */,
				1E4EFF05EF4D4446A0BE6CAE /* LayerModel.swift in Sources */,
				7562D3D7A54742EC9DEF4D47 /* Seed.swift in Sources */,
				43E409007FB247DE89F4D0DA /* IntakeModel.swift in Sources */,
				95E1EF6263D541F683AC4837 /* PracticeMetadata.swift in Sources */,
				034DE01C6DFF4572ACA0533D /* Book.swift in Sources */,
				FA1F009923B844A3A621AA09 /* Engine.swift in Sources */,
				807550887FBD4EA7AD3C233F /* EngineAnalyses.swift in Sources */,
				4DC51EA4C85B4975832090C4 /* AllocationSolver.swift in Sources */,
				E9F4E0A23850493CA6AD87DF /* RiskScale.swift in Sources */,
				5E0A5F1734E749E6838CB952 /* MacroModel.swift in Sources */,
				E7AE663E0173445881D142E5 /* MacroIndicators.swift in Sources */,
				386688985E6A448BAA82F474 /* TacticalModel.swift in Sources */,
				CBD7846BB5AB4DC1B51401EF /* TacticalTilts.swift in Sources */,
				0F9725D114B04A95AEDF7129 /* CapitalMarketModel.swift in Sources */,
				5A610E5FD9D34A7D88813843 /* CapitalMarketRisk.swift in Sources */,
				C08BC7F25793470B951F3D7F /* FrontierModel.swift in Sources */,
				D798401C62CA4357A3163785 /* ExposureLookthrough.swift in Sources */,
				C322F6A68A4D400AAEC66AF2 /* FactorLookthrough.swift in Sources */,
				32C7EC1BA63B4042907FFF50 /* RebalanceModel.swift in Sources */,
				994CDB3C05404148AED5E281 /* Decumulation.swift in Sources */,
				670C9C4B3A384643804A8F09 /* Resilience.swift in Sources */,
				EB6431E97C0D4D598234947D /* Planning.swift in Sources */,
				AB03D662168B401AAB162CD0 /* Theme.swift in Sources */,
				2B74CAEFC2904FD6A4829CE4 /* Components.swift in Sources */,
				7D49953A4F924599B3B76E6D /* Teach.swift in Sources */,
				077205EA9EEB49F3B573E89A /* IntakeView.swift in Sources */,
				FC0BC52900BF4382A21F0F0C /* RosterView.swift in Sources */,
				5913E4BE1DAA4E949805285E /* DeskView.swift in Sources */,
				91EE0AE7DE5D4DFD8C3686DC /* EconView.swift in Sources */,
				8EB2ED5F8F784D9DB267FD68 /* BalanceSheetTab.swift in Sources */,
				DC90F80902DC45C382F0EBBE /* RequiredReturnTab.swift in Sources */,
				3ED594E017A94572BAB2460D /* ResilienceTab.swift in Sources */,
				5653CBD5D8EA4EF0AC387D67 /* AllocationTab.swift in Sources */,
				4646699AE53D422C814C4294 /* RiskScaleTab.swift in Sources */,
				13A1AE18DB544A9C8B45ACBF /* MacroTab.swift in Sources */,
				A38D41ABBAA147A8BE965A81 /* SentimentTab.swift in Sources */,
				51C116412ED545F490D44232 /* CapitalMarketTab.swift in Sources */,
				44602062E1B74AB7B4E7A758 /* FrontierTab.swift in Sources */,
				77B8D06709AE4E2FB2CFEE34 /* ExposureTab.swift in Sources */,
				DD623E57F7494352B6A8D01D /* RebalanceTab.swift in Sources */,
				517B7669DA364814AAFD816D /* PlanningTab.swift in Sources */,
				6CDF9BAC8A25428C97B38788 /* ConstraintsTab.swift in Sources */,
				191F5F189A9D4C9983CD078D /* TaxTab.swift in Sources */,
				6D715F0633594674BF08B6CB /* DecumulationTab.swift in Sources */,
				808B12A78EA44ED9A748F2FE /* DispositionTab.swift in Sources */,
				007F99302CE343998F16AE41 /* TiltsTab.swift in Sources */,
				7F7E1E80FE434189A02AABB1 /* LearnTab.swift in Sources */,
			);
			runOnlyForDeploymentPostprocessing = 0;
		};
		79FD6B081265427CBB116998 /* Sources */ = {
			isa = PBXSourcesBuildPhase;
			buildActionMask = 2147483647;
			files = (
				55C9E1D87E234050857D188D /* WealthPolicyDeskApp.swift in Sources */,
			);
			runOnlyForDeploymentPostprocessing = 0;
		};
/* End PBXSourcesBuildPhase section */

/* Begin PBXTargetDependency section */
		95830E14F52B4D32BBF3057A /* PBXTargetDependency */ = {
			isa = PBXTargetDependency;
			target = 5AACD073629544F9905A8DB3 /* WealthPolicyDesk */;
			targetProxy = ED63A273698B41908042BCD7 /* PBXContainerItemProxy */;
		};
/* End PBXTargetDependency section */

/* Begin XCBuildConfiguration section */
		437E3A54DE584E6CB641D23A /* Debug */ = {
			isa = XCBuildConfiguration;
			buildSettings = {
				ALWAYS_SEARCH_USER_PATHS = NO;
				CLANG_ENABLE_MODULES = YES;
				CLANG_ENABLE_OBJC_ARC = YES;
				COPY_PHASE_STRIP = NO;
				DEBUG_INFORMATION_FORMAT = dwarf;
				ENABLE_TESTABILITY = YES;
				GCC_DYNAMIC_NO_PIC = NO;
				GCC_OPTIMIZATION_LEVEL = 0;
				IPHONEOS_DEPLOYMENT_TARGET = 17.0;
				ONLY_ACTIVE_ARCH = YES;
				SDKROOT = iphoneos;
				SWIFT_ACTIVE_COMPILATION_CONDITIONS = "DEBUG $(inherited)";
				SWIFT_OPTIMIZATION_LEVEL = "-Onone";
				SWIFT_VERSION = 5.0;
			};
			name = Debug;
		};
		D967541C74CE4099B868903A /* Release */ = {
			isa = XCBuildConfiguration;
			buildSettings = {
				ALWAYS_SEARCH_USER_PATHS = NO;
				CLANG_ENABLE_MODULES = YES;
				CLANG_ENABLE_OBJC_ARC = YES;
				COPY_PHASE_STRIP = NO;
				DEBUG_INFORMATION_FORMAT = "dwarf-with-dsym";
				IPHONEOS_DEPLOYMENT_TARGET = 17.0;
				SDKROOT = iphoneos;
				SWIFT_COMPILATION_MODE = wholemodule;
				SWIFT_VERSION = 5.0;
				VALIDATE_PRODUCT = YES;
			};
			name = Release;
		};
		3306AD74670D488D877F9ABE /* Debug */ = {
			isa = XCBuildConfiguration;
			buildSettings = {
				BUILD_LIBRARY_FOR_DISTRIBUTION = NO;
				CURRENT_PROJECT_VERSION = 1;
				DEFINES_MODULE = YES;
				DYLIB_COMPATIBILITY_VERSION = 1;
				DYLIB_CURRENT_VERSION = 1;
				DYLIB_INSTALL_NAME_BASE = "@rpath";
				GENERATE_INFOPLIST_FILE = YES;
				INFOPLIST_KEY_NSHumanReadableCopyright = "";
				INSTALL_PATH = "$(LOCAL_LIBRARY_DIR)/Frameworks";
				IPHONEOS_DEPLOYMENT_TARGET = 17.0;
				LD_RUNPATH_SEARCH_PATHS = (
					"$(inherited)",
					"@executable_path/Frameworks",
					"@loader_path/Frameworks",
				);
				MARKETING_VERSION = 1.0;
				PRODUCT_BUNDLE_IDENTIFIER = com.wealthmanagement.WealthPolicyDesk;
				PRODUCT_MODULE_NAME = WealthPolicyDesk;
				PRODUCT_NAME = "$(TARGET_NAME:c99extidentifier)";
				SKIP_INSTALL = YES;
				SUPPORTED_PLATFORMS = "iphoneos iphonesimulator";
				SUPPORTS_MACCATALYST = NO;
				SWIFT_EMIT_LOC_STRINGS = YES;
				SWIFT_INSTALL_OBJC_HEADER = NO;
				SWIFT_OPTIMIZATION_LEVEL = "-O";
				SWIFT_VERSION = 5.0;
				TARGETED_DEVICE_FAMILY = "2";
				VERSIONING_SYSTEM = "apple-generic";
				VERSION_INFO_PREFIX = "";
			};
			name = Debug;
		};
		7B79F19FECBF471F8F3A57C4 /* Release */ = {
			isa = XCBuildConfiguration;
			buildSettings = {
				BUILD_LIBRARY_FOR_DISTRIBUTION = NO;
				CURRENT_PROJECT_VERSION = 1;
				DEFINES_MODULE = YES;
				DYLIB_COMPATIBILITY_VERSION = 1;
				DYLIB_CURRENT_VERSION = 1;
				DYLIB_INSTALL_NAME_BASE = "@rpath";
				GENERATE_INFOPLIST_FILE = YES;
				INFOPLIST_KEY_NSHumanReadableCopyright = "";
				INSTALL_PATH = "$(LOCAL_LIBRARY_DIR)/Frameworks";
				IPHONEOS_DEPLOYMENT_TARGET = 17.0;
				LD_RUNPATH_SEARCH_PATHS = (
					"$(inherited)",
					"@executable_path/Frameworks",
					"@loader_path/Frameworks",
				);
				MARKETING_VERSION = 1.0;
				PRODUCT_BUNDLE_IDENTIFIER = com.wealthmanagement.WealthPolicyDesk;
				PRODUCT_MODULE_NAME = WealthPolicyDesk;
				PRODUCT_NAME = "$(TARGET_NAME:c99extidentifier)";
				SKIP_INSTALL = YES;
				SUPPORTED_PLATFORMS = "iphoneos iphonesimulator";
				SUPPORTS_MACCATALYST = NO;
				SWIFT_EMIT_LOC_STRINGS = YES;
				SWIFT_INSTALL_OBJC_HEADER = NO;
				SWIFT_VERSION = 5.0;
				TARGETED_DEVICE_FAMILY = "2";
				VERSIONING_SYSTEM = "apple-generic";
				VERSION_INFO_PREFIX = "";
			};
			name = Release;
		};
		7B09BAF758FF46BA9BAA98BD /* Debug */ = {
			isa = XCBuildConfiguration;
			buildSettings = {
				ASSETCATALOG_COMPILER_APPICON_NAME = AppIcon;
				ASSETCATALOG_COMPILER_GLOBAL_ACCENT_COLOR_NAME = AccentColor;
				CODE_SIGN_STYLE = Automatic;
				CURRENT_PROJECT_VERSION = 1;
				DEVELOPMENT_TEAM = "";
				ENABLE_PREVIEWS = YES;
				GENERATE_INFOPLIST_FILE = YES;
				INFOPLIST_FILE = Example/Info.plist;
				INFOPLIST_KEY_CFBundleDisplayName = "Wealth Policy";
				INFOPLIST_KEY_UIApplicationSceneManifest_Generation = YES;
				INFOPLIST_KEY_UILaunchScreen_Generation = YES;
				INFOPLIST_KEY_UISupportedInterfaceOrientations_iPad = "UIInterfaceOrientationPortrait UIInterfaceOrientationPortraitUpsideDown UIInterfaceOrientationLandscapeLeft UIInterfaceOrientationLandscapeRight";
				INFOPLIST_KEY_UISupportedInterfaceOrientations_iPhone = "UIInterfaceOrientationPortrait UIInterfaceOrientationLandscapeLeft UIInterfaceOrientationLandscapeRight";
				IPHONEOS_DEPLOYMENT_TARGET = 17.0;
				LD_RUNPATH_SEARCH_PATHS = (
					"$(inherited)",
					"@executable_path/Frameworks",
				);
				MARKETING_VERSION = 1.0;
				PRODUCT_BUNDLE_IDENTIFIER = com.wealthmanagement.WealthPolicyDeskExample;
				PRODUCT_NAME = "$(TARGET_NAME)";
				SUPPORTED_PLATFORMS = "iphoneos iphonesimulator";
				SUPPORTS_MACCATALYST = NO;
				SWIFT_EMIT_LOC_STRINGS = YES;
				SWIFT_VERSION = 5.0;
				TARGETED_DEVICE_FAMILY = "2";
			};
			name = Debug;
		};
		CE05747A90054404842F328E /* Release */ = {
			isa = XCBuildConfiguration;
			buildSettings = {
				ASSETCATALOG_COMPILER_APPICON_NAME = AppIcon;
				ASSETCATALOG_COMPILER_GLOBAL_ACCENT_COLOR_NAME = AccentColor;
				CODE_SIGN_STYLE = Automatic;
				CURRENT_PROJECT_VERSION = 1;
				DEVELOPMENT_TEAM = "";
				ENABLE_PREVIEWS = YES;
				GENERATE_INFOPLIST_FILE = YES;
				INFOPLIST_FILE = Example/Info.plist;
				INFOPLIST_KEY_CFBundleDisplayName = "Wealth Policy";
				INFOPLIST_KEY_UIApplicationSceneManifest_Generation = YES;
				INFOPLIST_KEY_UILaunchScreen_Generation = YES;
				INFOPLIST_KEY_UISupportedInterfaceOrientations_iPad = "UIInterfaceOrientationPortrait UIInterfaceOrientationPortraitUpsideDown UIInterfaceOrientationLandscapeLeft UIInterfaceOrientationLandscapeRight";
				INFOPLIST_KEY_UISupportedInterfaceOrientations_iPhone = "UIInterfaceOrientationPortrait UIInterfaceOrientationLandscapeLeft UIInterfaceOrientationLandscapeRight";
				IPHONEOS_DEPLOYMENT_TARGET = 17.0;
				LD_RUNPATH_SEARCH_PATHS = (
					"$(inherited)",
					"@executable_path/Frameworks",
				);
				MARKETING_VERSION = 1.0;
				PRODUCT_BUNDLE_IDENTIFIER = com.wealthmanagement.WealthPolicyDeskExample;
				PRODUCT_NAME = "$(TARGET_NAME)";
				SUPPORTED_PLATFORMS = "iphoneos iphonesimulator";
				SUPPORTS_MACCATALYST = NO;
				SWIFT_EMIT_LOC_STRINGS = YES;
				SWIFT_VERSION = 5.0;
				TARGETED_DEVICE_FAMILY = "2";
			};
			name = Release;
		};
/* End XCBuildConfiguration section */

/* Begin XCConfigurationList section */
		4309DE23B328450EA8CB3EAA /* Build configuration list for PBXProject "WealthPolicyDesk" */ = {
			isa = XCConfigurationList;
			buildConfigurations = (
				437E3A54DE584E6CB641D23A /* Debug */,
				D967541C74CE4099B868903A /* Release */,
			);
			defaultConfigurationIsVisible = 0;
			defaultConfigurationName = Release;
		};
		111FC4ED07F046D8A8EF8259 /* Build configuration list for PBXNativeTarget "WealthPolicyDesk" */ = {
			isa = XCConfigurationList;
			buildConfigurations = (
				3306AD74670D488D877F9ABE /* Debug */,
				7B79F19FECBF471F8F3A57C4 /* Release */,
			);
			defaultConfigurationIsVisible = 0;
			defaultConfigurationName = Release;
		};
		0913EBD8C49344CD83C7FCDB /* Build configuration list for PBXNativeTarget "WealthPolicyDeskExample" */ = {
			isa = XCConfigurationList;
			buildConfigurations = (
				7B09BAF758FF46BA9BAA98BD /* Debug */,
				CE05747A90054404842F328E /* Release */,
			);
			defaultConfigurationIsVisible = 0;
			defaultConfigurationName = Release;
		};
/* End XCConfigurationList section */
	};
	rootObject = 299ED89D8AFA497CAC242981 /* Project object */;
}
